// !$*UTF8*$!
{
	archiveVersion = 1;
	classes = {
	};
	objectVersion = 46;
	objects = {

/* Begin PBXBuildFile section */
		06AB0B75180BDEA4005A7610 /* Foundation.framework in Frameworks */ = {isa = PBXBuildFile; fileRef = 06AB0B74180BDEA4005A7610 /* Foundation.framework */; };
		06AB0B77180BDEA4005A7610 /* CoreGraphics.framework in Frameworks */ = {isa = PBXBuildFile; fileRef = 06AB0B76180BDEA4005A7610 /* CoreGraphics.framework */; };
		06AB0B79180BDEA4005A7610 /* UIKit.framework in Frameworks */ = {isa = PBXBuildFile; fileRef = 06AB0B78180BDEA4005A7610 /* UIKit.framework */; };
		06AB0B81180BDEA4005A7610 /* main.m in Sources */ = {isa = PBXBuildFile; fileRef = 06AB0B80180BDEA4005A7610 /* main.m */; };
		06AB0B85180BDEA4005A7610 /* AppDelegate.m in Sources */ = {isa = PBXBuildFile; fileRef = 06AB0B84180BDEA4005A7610 /* AppDelegate.m */; };
		06AB0B8E180BDEA4005A7610 /* XCTest.framework in Frameworks */ = {isa = PBXBuildFile; fileRef = 06AB0B8D180BDEA4005A7610 /* XCTest.framework */; };
		06AB0B8F180BDEA4005A7610 /* Foundation.framework in Frameworks */ = {isa = PBXBuildFile; fileRef = 06AB0B74180BDEA4005A7610 /* Foundation.framework */; };
		06AB0B90180BDEA4005A7610 /* UIKit.framework in Frameworks */ = {isa = PBXBuildFile; fileRef = 06AB0B78180BDEA4005A7610 /* UIKit.framework */; };
		06AB0BB5180BDEE9005A7610 /* libhandlebars-objc-ios.a in Frameworks */ = {isa = PBXBuildFile; fileRef = 06AB0BB0180BDED0005A7610 /* libhandlebars-objc-ios.a */; };
/* End PBXBuildFile section */

/* Begin PBXContainerItemProxy section */
		06AB0B91180BDEA4005A7610 /* PBXContainerItemProxy */ = {
			isa = PBXContainerItemProxy;
			containerPortal = 06AB0B69180BDEA4005A7610 /* Project object */;
			proxyType = 1;
			remoteGlobalIDString = 06AB0B70180BDEA4005A7610;
			remoteInfo = "Test iOS Embedding";
		};
		06AB0BAB180BDED0005A7610 /* PBXContainerItemProxy */ = {
			isa = PBXContainerItemProxy;
			containerPortal = 06AB0BA4180BDECF005A7610 /* handlebars-objc.xcodeproj */;
			proxyType = 2;
			remoteGlobalIDString = 0630B18817F2EF9100EA7018;
			remoteInfo = "handlebars-objc-osx";
		};
		06AB0BAD180BDED0005A7610 /* PBXContainerItemProxy */ = {
			isa = PBXContainerItemProxy;
			containerPortal = 06AB0BA4180BDECF005A7610 /* handlebars-objc.xcodeproj */;
			proxyType = 2;
			remoteGlobalIDString = 0630B19F17F2EF9100EA7018;
			remoteInfo = "handlebars-objc-osx-tests";
		};
		06AB0BAF180BDED0005A7610 /* PBXContainerItemProxy */ = {
			isa = PBXContainerItemProxy;
			containerPortal = 06AB0BA4180BDECF005A7610 /* handlebars-objc.xcodeproj */;
			proxyType = 2;
			remoteGlobalIDString = 06F4933E1802D07F0055B5BC;
			remoteInfo = "handlebars-objc-ios";
		};
		06AB0BB1180BDED0005A7610 /* PBXContainerItemProxy */ = {
			isa = PBXContainerItemProxy;
			containerPortal = 06AB0BA4180BDECF005A7610 /* handlebars-objc.xcodeproj */;
			proxyType = 2;
			remoteGlobalIDString = 06F4934C1802D07F0055B5BC;
			remoteInfo = "handlebars-objc-iosTests";
		};
		06AB0BB3180BDEDF005A7610 /* PBXContainerItemProxy */ = {
			isa = PBXContainerItemProxy;
			containerPortal = 06AB0BA4180BDECF005A7610 /* handlebars-objc.xcodeproj */;
			proxyType = 1;
			remoteGlobalIDString = 06F4933D1802D07F0055B5BC;
			remoteInfo = "handlebars-objc-ios";
		};
/* End PBXContainerItemProxy section */

/* Begin PBXFileReference section */
		06AB0B71180BDEA4005A7610 /* Test iOS Embedding.app */ = {isa = PBXFileReference; explicitFileType = wrapper.application; includeInIndex = 0; path = "Test iOS Embedding.app"; sourceTree = BUILT_PRODUCTS_DIR; };
		06AB0B74180BDEA4005A7610 /* Foundation.framework */ = {isa = PBXFileReference; lastKnownFileType = wrapper.framework; name = Foundation.framework; path = System/Library/Frameworks/Foundation.framework; sourceTree = SDKROOT; };
		06AB0B76180BDEA4005A7610 /* CoreGraphics.framework */ = {isa = PBXFileReference; lastKnownFileType = wrapper.framework; name = CoreGraphics.framework; path = System/Library/Frameworks/CoreGraphics.framework; sourceTree = SDKROOT; };
		06AB0B78180BDEA4005A7610 /* UIKit.framework */ = {isa = PBXFileReference; lastKnownFileType = wrapper.framework; name = UIKit.framework; path = System/Library/Frameworks/UIKit.framework; sourceTree = SDKROOT; };
		06AB0B7C180BDEA4005A7610 /* Test iOS Embedding-Info.plist */ = {isa = PBXFileReference; lastKnownFileType = text.plist.xml; path = "Test iOS Embedding-Info.plist"; sourceTree = "<group>"; };
		06AB0B80180BDEA4005A7610 /* main.m */ = {isa = PBXFileReference; lastKnownFileType = sourcecode.c.objc; path = main.m; sourceTree = "<group>"; };
		06AB0B82180BDEA4005A7610 /* Test iOS Embedding-Prefix.pch */ = {isa = PBXFileReference; lastKnownFileType = sourcecode.c.h; path = "Test iOS Embedding-Prefix.pch"; sourceTree = "<group>"; };
		06AB0B83180BDEA4005A7610 /* AppDelegate.h */ = {isa = PBXFileReference; lastKnownFileType = sourcecode.c.h; path = AppDelegate.h; sourceTree = "<group>"; };
		06AB0B84180BDEA4005A7610 /* AppDelegate.m */ = {isa = PBXFileReference; lastKnownFileType = sourcecode.c.objc; path = AppDelegate.m; sourceTree = "<group>"; };
		06AB0B8C180BDEA4005A7610 /* Test iOS EmbeddingTests.xctest */ = {isa = PBXFileReference; explicitFileType = wrapper.cfbundle; includeInIndex = 0; path = "Test iOS EmbeddingTests.xctest"; sourceTree = BUILT_PRODUCTS_DIR; };
		06AB0B8D180BDEA4005A7610 /* XCTest.framework */ = {isa = PBXFileReference; lastKnownFileType = wrapper.framework; name = XCTest.framework; path = Library/Frameworks/XCTest.framework; sourceTree = DEVELOPER_DIR; };
		06AB0BA4180BDECF005A7610 /* handlebars-objc.xcodeproj */ = {isa = PBXFileReference; lastKnownFileType = "wrapper.pb-project"; name = "handlebars-objc.xcodeproj"; path = "../../../handlebars-objc.xcodeproj"; sourceTree = "<group>"; };
/* End PBXFileReference section */

/* Begin PBXFrameworksBuildPhase section */
		06AB0B6E180BDEA4005A7610 /* Frameworks */ = {
			isa = PBXFrameworksBuildPhase;
			buildActionMask = 2147483647;
			files = (
				06AB0BB5180BDEE9005A7610 /* libhandlebars-objc-ios.a in Frameworks */,
				06AB0B77180BDEA4005A7610 /* CoreGraphics.framework in Frameworks */,
				06AB0B79180BDEA4005A7610 /* UIKit.framework in Frameworks */,
				06AB0B75180BDEA4005A7610 /* Foundation.framework in Frameworks */,
			);
			runOnlyForDeploymentPostprocessing = 0;
		};
		06AB0B89180BDEA4005A7610 /* Frameworks */ = {
			isa = PBXFrameworksBuildPhase;
			buildActionMask = 2147483647;
			files = (
				06AB0B8E180BDEA4005A7610 /* XCTest.framework in Frameworks */,
				06AB0B90180BDEA4005A7610 /* UIKit.framework in Frameworks */,
				06AB0B8F180BDEA4005A7610 /* Foundation.framework in Frameworks */,
			);
			runOnlyForDeploymentPostprocessing = 0;
		};
/* End PBXFrameworksBuildPhase section */

/* Begin PBXGroup section */
		06AB0B68180BDEA4005A7610 = {
			isa = PBXGroup;
			children = (
				06AB0BA3180BDEBF005A7610 /* HBHandlebars */,
				06AB0B7A180BDEA4005A7610 /* Test iOS Embedding */,
				06AB0B73180BDEA4005A7610 /* Frameworks */,
				06AB0B72180BDEA4005A7610 /* Products */,
			);
			sourceTree = "<group>";
		};
		06AB0B72180BDEA4005A7610 /* Products */ = {
			isa = PBXGroup;
			children = (
				06AB0B71180BDEA4005A7610 /* Test iOS Embedding.app */,
				06AB0B8C180BDEA4005A7610 /* Test iOS EmbeddingTests.xctest */,
			);
			name = Products;
			sourceTree = "<group>";
		};
		06AB0B73180BDEA4005A7610 /* Frameworks */ = {
			isa = PBXGroup;
			children = (
				06AB0B74180BDEA4005A7610 /* Foundation.framework */,
				06AB0B76180BDEA4005A7610 /* CoreGraphics.framework */,
				06AB0B78180BDEA4005A7610 /* UIKit.framework */,
				06AB0B8D180BDEA4005A7610 /* XCTest.framework */,
			);
			name = Frameworks;
			sourceTree = "<group>";
		};
		06AB0B7A180BDEA4005A7610 /* Test iOS Embedding */ = {
			isa = PBXGroup;
			children = (
				06AB0B83180BDEA4005A7610 /* AppDelegate.h */,
				06AB0B84180BDEA4005A7610 /* AppDelegate.m */,
				06AB0B7B180BDEA4005A7610 /* Supporting Files */,
			);
			path = "Test iOS Embedding";
			sourceTree = "<group>";
		};
		06AB0B7B180BDEA4005A7610 /* Supporting Files */ = {
			isa = PBXGroup;
			children = (
				06AB0B7C180BDEA4005A7610 /* Test iOS Embedding-Info.plist */,
				06AB0B80180BDEA4005A7610 /* main.m */,
				06AB0B82180BDEA4005A7610 /* Test iOS Embedding-Prefix.pch */,
			);
			name = "Supporting Files";
			sourceTree = "<group>";
		};
		06AB0BA3180BDEBF005A7610 /* HBHandlebars */ = {
			isa = PBXGroup;
			children = (
				06AB0BA4180BDECF005A7610 /* handlebars-objc.xcodeproj */,
			);
			name = HBHandlebars;
			sourceTree = "<group>";
		};
		06AB0BA5180BDECF005A7610 /* Products */ = {
			isa = PBXGroup;
			children = (
				06AB0BAC180BDED0005A7610 /* HBHandlebars.framework */,
				06AB0BAE180BDED0005A7610 /* handlebars-objc-osx-tests.xctest */,
				06AB0BB0180BDED0005A7610 /* libhandlebars-objc-ios.a */,
				06AB0BB2180BDED0005A7610 /* handlebars-objc-iosTests.xctest */,
			);
			name = Products;
			sourceTree = "<group>";
		};
/* End PBXGroup section */

/* Begin PBXNativeTarget section */
		06AB0B70180BDEA4005A7610 /* Test iOS Embedding */ = {
			isa = PBXNativeTarget;
			buildConfigurationList = 06AB0B9D180BDEA4005A7610 /* Build configuration list for PBXNativeTarget "Test iOS Embedding" */;
			buildPhases = (
				06AB0B6D180BDEA4005A7610 /* Sources */,
				06AB0B6E180BDEA4005A7610 /* Frameworks */,
				06AB0B6F180BDEA4005A7610 /* Resources */,
			);
			buildRules = (
			);
			dependencies = (
				06AB0BB4180BDEDF005A7610 /* PBXTargetDependency */,
			);
			name = "Test iOS Embedding";
			productName = "Test iOS Embedding";
			productReference = 06AB0B71180BDEA4005A7610 /* Test iOS Embedding.app */;
			productType = "com.apple.product-type.application";
		};
		06AB0B8B180BDEA4005A7610 /* Test iOS EmbeddingTests */ = {
			isa = PBXNativeTarget;
			buildConfigurationList = 06AB0BA0180BDEA4005A7610 /* Build configuration list for PBXNativeTarget "Test iOS EmbeddingTests" */;
			buildPhases = (
				06AB0B88180BDEA4005A7610 /* Sources */,
				06AB0B89180BDEA4005A7610 /* Frameworks */,
				06AB0B8A180BDEA4005A7610 /* Resources */,
			);
			buildRules = (
			);
			dependencies = (
				06AB0B92180BDEA4005A7610 /* PBXTargetDependency */,
			);
			name = "Test iOS EmbeddingTests";
			productName = "Test iOS EmbeddingTests";
			productReference = 06AB0B8C180BDEA4005A7610 /* Test iOS EmbeddingTests.xctest */;
			productType = "com.apple.product-type.bundle.unit-test";
		};
/* End PBXNativeTarget section */

/* Begin PBXProject section */
		06AB0B69180BDEA4005A7610 /* Project object */ = {
			isa = PBXProject;
			attributes = {
				LastUpgradeCheck = 0500;
				ORGANIZATIONNAME = Fotonauts;
				TargetAttributes = {
					06AB0B8B180BDEA4005A7610 = {
						TestTargetID = 06AB0B70180BDEA4005A7610;
					};
				};
			};
			buildConfigurationList = 06AB0B6C180BDEA4005A7610 /* Build configuration list for PBXProject "Test iOS Embedding" */;
			compatibilityVersion = "Xcode 3.2";
			developmentRegion = English;
			hasScannedForEncodings = 0;
			knownRegions = (
				en,
			);
			mainGroup = 06AB0B68180BDEA4005A7610;
			productRefGroup = 06AB0B72180BDEA4005A7610 /* Products */;
			projectDirPath = "";
			projectReferences = (
				{
					ProductGroup = 06AB0BA5180BDECF005A7610 /* Products */;
					ProjectRef = 06AB0BA4180BDECF005A7610 /* handlebars-objc.xcodeproj */;
				},
			);
			projectRoot = "";
			targets = (
				06AB0B70180BDEA4005A7610 /* Test iOS Embedding */,
				06AB0B8B180BDEA4005A7610 /* Test iOS EmbeddingTests */,
			);
		};
/* End PBXProject section */

/* Begin PBXReferenceProxy section */
		06AB0BAC180BDED0005A7610 /* HBHandlebars.framework */ = {
			isa = PBXReferenceProxy;
			fileType = wrapper.framework;
			path = HBHandlebars.framework;
			remoteRef = 06AB0BAB180BDED0005A7610 /* PBXContainerItemProxy */;
			sourceTree = BUILT_PRODUCTS_DIR;
		};
		06AB0BAE180BDED0005A7610 /* handlebars-objc-osx-tests.xctest */ = {
			isa = PBXReferenceProxy;
			fileType = wrapper.cfbundle;
			path = "handlebars-objc-osx-tests.xctest";
			remoteRef = 06AB0BAD180BDED0005A7610 /* PBXContainerItemProxy */;
			sourceTree = BUILT_PRODUCTS_DIR;
		};
		06AB0BB0180BDED0005A7610 /* libhandlebars-objc-ios.a */ = {
			isa = PBXReferenceProxy;
			fileType = archive.ar;
			path = "libhandlebars-objc-ios.a";
			remoteRef = 06AB0BAF180BDED0005A7610 /* PBXContainerItemProxy */;
			sourceTree = BUILT_PRODUCTS_DIR;
		};
		06AB0BB2180BDED0005A7610 /* handlebars-objc-iosTests.xctest */ = {
			isa = PBXReferenceProxy;
			fileType = wrapper.cfbundle;
			path = "handlebars-objc-iosTests.xctest";
			remoteRef = 06AB0BB1180BDED0005A7610 /* PBXContainerItemProxy */;
			sourceTree = BUILT_PRODUCTS_DIR;
		};
/* End PBXReferenceProxy section */

/* Begin PBXResourcesBuildPhase section */
		06AB0B6F180BDEA4005A7610 /* Resources */ = {
			isa = PBXResourcesBuildPhase;
			buildActionMask = 2147483647;
			files = (
			);
			runOnlyForDeploymentPostprocessing = 0;
		};
		06AB0B8A180BDEA4005A7610 /* Resources */ = {
			isa = PBXResourcesBuildPhase;
			buildActionMask = 2147483647;
			files = (
			);
			runOnlyForDeploymentPostprocessing = 0;
		};
/* End PBXResourcesBuildPhase section */

/* Begin PBXSourcesBuildPhase section */
		06AB0B6D180BDEA4005A7610 /* Sources */ = {
			isa = PBXSourcesBuildPhase;
			buildActionMask = 2147483647;
			files = (
				06AB0B85180BDEA4005A7610 /* AppDelegate.m in Sources */,
				06AB0B81180BDEA4005A7610 /* main.m in Sources */,
			);
			runOnlyForDeploymentPostprocessing = 0;
		};
		06AB0B88180BDEA4005A7610 /* Sources */ = {
			isa = PBXSourcesBuildPhase;
			buildActionMask = 2147483647;
			files = (
			);
			runOnlyForDeploymentPostprocessing = 0;
		};
/* End PBXSourcesBuildPhase section */

/* Begin PBXTargetDependency section */
		06AB0B92180BDEA4005A7610 /* PBXTargetDependency */ = {
			isa = PBXTargetDependency;
			target = 06AB0B70180BDEA4005A7610 /* Test iOS Embedding */;
			targetProxy = 06AB0B91180BDEA4005A7610 /* PBXContainerItemProxy */;
		};
		06AB0BB4180BDEDF005A7610 /* PBXTargetDependency */ = {
			isa = PBXTargetDependency;
			name = "handlebars-objc-ios";
			targetProxy = 06AB0BB3180BDEDF005A7610 /* PBXContainerItemProxy */;
		};
/* End PBXTargetDependency section */

/* Begin XCBuildConfiguration section */
		06AB0B9B180BDEA4005A7610 /* Debug */ = {
			isa = XCBuildConfiguration;
			buildSettings = {
				ALWAYS_SEARCH_USER_PATHS = NO;
				ARCHS = "$(ARCHS_STANDARD_INCLUDING_64_BIT)";
				CLANG_CXX_LANGUAGE_STANDARD = "gnu++0x";
				CLANG_CXX_LIBRARY = "libc++";
				CLANG_ENABLE_MODULES = YES;
				CLANG_ENABLE_OBJC_ARC = YES;
				CLANG_WARN_BOOL_CONVERSION = YES;
				CLANG_WARN_CONSTANT_CONVERSION = YES;
				CLANG_WARN_DIRECT_OBJC_ISA_USAGE = YES_ERROR;
				CLANG_WARN_EMPTY_BODY = YES;
				CLANG_WARN_ENUM_CONVERSION = YES;
				CLANG_WARN_INT_CONVERSION = YES;
				CLANG_WARN_OBJC_ROOT_CLASS = YES_ERROR;
				CLANG_WARN__DUPLICATE_METHOD_MATCH = YES;
				"CODE_SIGN_IDENTITY[sdk=iphoneos*]" = "iPhone Developer";
				COPY_PHASE_STRIP = NO;
				GCC_C_LANGUAGE_STANDARD = gnu99;
				GCC_DYNAMIC_NO_PIC = NO;
				GCC_OPTIMIZATION_LEVEL = 0;
				GCC_PREPROCESSOR_DEFINITIONS = (
					"DEBUG=1",
					"$(inherited)",
				);
				GCC_SYMBOLS_PRIVATE_EXTERN = NO;
				GCC_WARN_64_TO_32_BIT_CONVERSION = YES;
				GCC_WARN_ABOUT_RETURN_TYPE = YES_ERROR;
				GCC_WARN_UNDECLARED_SELECTOR = YES;
				GCC_WARN_UNINITIALIZED_AUTOS = YES;
				GCC_WARN_UNUSED_FUNCTION = YES;
				GCC_WARN_UNUSED_VARIABLE = YES;
				HEADER_SEARCH_PATHS = (
					"$(inherited)",
					/Applications/Xcode.app/Contents/Developer/Toolchains/XcodeDefault.xctoolchain/usr/include,
					"$(TEMP_ROOT)/Headers",
				);
				IPHONEOS_DEPLOYMENT_TARGET = 7.0;
				ONLY_ACTIVE_ARCH = YES;
				SDKROOT = iphoneos;
				TARGETED_DEVICE_FAMILY = "1,2";
			};
			name = Debug;
		};
		06AB0B9C180BDEA4005A7610 /* Release */ = {
			isa = XCBuildConfiguration;
			buildSettings = {
				ALWAYS_SEARCH_USER_PATHS = NO;
				ARCHS = "$(ARCHS_STANDARD_INCLUDING_64_BIT)";
				CLANG_CXX_LANGUAGE_STANDARD = "gnu++0x";
				CLANG_CXX_LIBRARY = "libc++";
				CLANG_ENABLE_MODULES = YES;
				CLANG_ENABLE_OBJC_ARC = YES;
				CLANG_WARN_BOOL_CONVERSION = YES;
				CLANG_WARN_CONSTANT_CONVERSION = YES;
				CLANG_WARN_DIRECT_OBJC_ISA_USAGE = YES_ERROR;
				CLANG_WARN_EMPTY_BODY = YES;
				CLANG_WARN_ENUM_CONVERSION = YES;
				CLANG_WARN_INT_CONVERSION = YES;
				CLANG_WARN_OBJC_ROOT_CLASS = YES_ERROR;
				CLANG_WARN__DUPLICATE_METHOD_MATCH = YES;
				"CODE_SIGN_IDENTITY[sdk=iphoneos*]" = "iPhone Developer";
				COPY_PHASE_STRIP = YES;
				ENABLE_NS_ASSERTIONS = NO;
				GCC_C_LANGUAGE_STANDARD = gnu99;
				GCC_WARN_64_TO_32_BIT_CONVERSION = YES;
				GCC_WARN_ABOUT_RETURN_TYPE = YES_ERROR;
				GCC_WARN_UNDECLARED_SELECTOR = YES;
				GCC_WARN_UNINITIALIZED_AUTOS = YES;
				GCC_WARN_UNUSED_FUNCTION = YES;
				GCC_WARN_UNUSED_VARIABLE = YES;
				HEADER_SEARCH_PATHS = (
					"$(inherited)",
					/Applications/Xcode.app/Contents/Developer/Toolchains/XcodeDefault.xctoolchain/usr/include,
					"$(TEMP_ROOT)/Headers",
				);
				IPHONEOS_DEPLOYMENT_TARGET = 7.0;
				SDKROOT = iphoneos;
				TARGETED_DEVICE_FAMILY = "1,2";
				VALIDATE_PRODUCT = YES;
			};
			name = Release;
		};
		06AB0B9E180BDEA4005A7610 /* Debug */ = {
			isa = XCBuildConfiguration;
			buildSettings = {
				ASSETCATALOG_COMPILER_APPICON_NAME = AppIcon;
				ASSETCATALOG_COMPILER_LAUNCHIMAGE_NAME = LaunchImage;
				GCC_PRECOMPILE_PREFIX_HEADER = YES;
				GCC_PREFIX_HEADER = "Test iOS Embedding/Test iOS Embedding-Prefix.pch";
				INFOPLIST_FILE = "Test iOS Embedding/Test iOS Embedding-Info.plist";
				PRODUCT_NAME = "$(TARGET_NAME)";
				WRAPPER_EXTENSION = app;
			};
			name = Debug;
		};
		06AB0B9F180BDEA4005A7610 /* Release */ = {
			isa = XCBuildConfiguration;
			buildSettings = {
				ASSETCATALOG_COMPILER_APPICON_NAME = AppIcon;
				ASSETCATALOG_COMPILER_LAUNCHIMAGE_NAME = LaunchImage;
				GCC_PRECOMPILE_PREFIX_HEADER = YES;
				GCC_PREFIX_HEADER = "Test iOS Embedding/Test iOS Embedding-Prefix.pch";
				INFOPLIST_FILE = "Test iOS Embedding/Test iOS Embedding-Info.plist";
				PRODUCT_NAME = "$(TARGET_NAME)";
				WRAPPER_EXTENSION = app;
			};
			name = Release;
		};
		06AB0BA1180BDEA4005A7610 /* Debug */ = {
			isa = XCBuildConfiguration;
			buildSettings = {
				ARCHS = "$(ARCHS_STANDARD_INCLUDING_64_BIT)";
				BUNDLE_LOADER = "$(BUILT_PRODUCTS_DIR)/Test iOS Embedding.app/Test iOS Embedding";
				FRAMEWORK_SEARCH_PATHS = (
					"$(SDKROOT)/Developer/Library/Frameworks",
					"$(inherited)",
					"$(DEVELOPER_FRAMEWORKS_DIR)",
				);
				GCC_PRECOMPILE_PREFIX_HEADER = YES;
				GCC_PREFIX_HEADER = "Test iOS Embedding/Test iOS Embedding-Prefix.pch";
				GCC_PREPROCESSOR_DEFINITIONS = (
					"DEBUG=1",
					"$(inherited)",
				);
				INFOPLIST_FILE = "Test iOS EmbeddingTests/Test iOS EmbeddingTests-Info.plist";
				PRODUCT_NAME = "$(TARGET_NAME)";
				TEST_HOST = "$(BUNDLE_LOADER)";
				WRAPPER_EXTENSION = xctest;
			};
			name = Debug;
		};
		06AB0BA2180BDEA4005A7610 /* Release */ = {
			isa = XCBuildConfiguration;
			buildSettings = {
				ARCHS = "$(ARCHS_STANDARD_INCLUDING_64_BIT)";
				BUNDLE_LOADER = "$(BUILT_PRODUCTS_DIR)/Test iOS Embedding.app/Test iOS Embedding";
				FRAMEWORK_SEARCH_PATHS = (
					"$(SDKROOT)/Developer/Library/Frameworks",
					"$(inherited)",
					"$(DEVELOPER_FRAMEWORKS_DIR)",
				);
				GCC_PRECOMPILE_PREFIX_HEADER = YES;
				GCC_PREFIX_HEADER = "Test iOS Embedding/Test iOS Embedding-Prefix.pch";
				INFOPLIST_FILE = "Test iOS EmbeddingTests/Test iOS EmbeddingTests-Info.plist";
				PRODUCT_NAME = "$(TARGET_NAME)";
				TEST_HOST = "$(BUNDLE_LOADER)";
				WRAPPER_EXTENSION = xctest;
			};
			name = Release;
		};
/* End XCBuildConfiguration section */

/* Begin XCConfigurationList section */
		06AB0B6C180BDEA4005A7610 /* Build configuration list for PBXProject "Test iOS Embedding" */ = {
			isa = XCConfigurationList;
			buildConfigurations = (
				06AB0B9B180BDEA4005A7610 /* Debug */,
				06AB0B9C180BDEA4005A7610 /* Release */,
			);
			defaultConfigurationIsVisible = 0;
			defaultConfigurationName = Release;
		};
		06AB0B9D180BDEA4005A7610 /* Build configuration list for PBXNativeTarget "Test iOS Embedding" */ = {
			isa = XCConfigurationList;
			buildConfigurations = (
				06AB0B9E180BDEA4005A7610 /* Debug */,
				06AB0B9F180BDEA4005A7610 /* Release */,
			);
			defaultConfigurationIsVisible = 0;
			defaultConfigurationName = Release;
		};
		06AB0BA0180BDEA4005A7610 /* Build configuration list for PBXNativeTarget "Test iOS EmbeddingTests" */ = {
			isa = XCConfigurationList;
			buildConfigurations = (
				06AB0BA1180BDEA4005A7610 /* Debug */,
				06AB0BA2180BDEA4005A7610 /* Release */,
			);
			defaultConfigurationIsVisible = 0;
			defaultConfigurationName = Release;
		};
/* End XCConfigurationList section */
	};
	rootObject = 06AB0B69180BDEA4005A7610 /* Project object */;
}
