// !$*UTF8*$!
{
	archiveVersion = 1;
	classes = {
	};
	objectVersion = 46;
	objects = {

/* Begin PBXBuildFile section */
		060EEF55180D7460009F2C0A /* HBObjectPropertyAccess.h in Headers */ = {isa = PBXBuildFile; fileRef = 060EEF53180D7460009F2C0A /* HBObjectPropertyAccess.h */; };
		060EEF56180D7460009F2C0A /* HBObjectPropertyAccess.h in Headers */ = {isa = PBXBuildFile; fileRef = 060EEF53180D7460009F2C0A /* HBObjectPropertyAccess.h */; };
		060EEF57180D7460009F2C0A /* HBObjectPropertyAccess.m in Sources */ = {isa = PBXBuildFile; fileRef = 060EEF54180D7460009F2C0A /* HBObjectPropertyAccess.m */; };
		060EEF58180D7460009F2C0A /* HBObjectPropertyAccess.m in Sources */ = {isa = PBXBuildFile; fileRef = 060EEF54180D7460009F2C0A /* HBObjectPropertyAccess.m */; };
		060EEF5A180D7BA8009F2C0A /* HBTestAccessToObjectProperties.m in Sources */ = {isa = PBXBuildFile; fileRef = 060EEF59180D7BA8009F2C0A /* HBTestAccessToObjectProperties.m */; };
		060EEF5B180D7BA8009F2C0A /* HBTestAccessToObjectProperties.m in Sources */ = {isa = PBXBuildFile; fileRef = 060EEF59180D7BA8009F2C0A /* HBTestAccessToObjectProperties.m */; };
		061884DF18205AD300D1012F /* HBEscapingFunctions.h in Headers */ = {isa = PBXBuildFile; fileRef = 061884DD18205AD300D1012F /* HBEscapingFunctions.h */; settings = {ATTRIBUTES = (Public, ); }; };
		061884E018205AD300D1012F /* HBEscapingFunctions.h in Headers */ = {isa = PBXBuildFile; fileRef = 061884DD18205AD300D1012F /* HBEscapingFunctions.h */; };
		061884E118205AD300D1012F /* HBEscapingFunctions.m in Sources */ = {isa = PBXBuildFile; fileRef = 061884DE18205AD300D1012F /* HBEscapingFunctions.m */; };
		061884E218205AD300D1012F /* HBEscapingFunctions.m in Sources */ = {isa = PBXBuildFile; fileRef = 061884DE18205AD300D1012F /* HBEscapingFunctions.m */; };
		061884E41825660000D1012F /* HBExecutionContext_Private.h in Headers */ = {isa = PBXBuildFile; fileRef = 061884E3182565FA00D1012F /* HBExecutionContext_Private.h */; };
		061884E51825661200D1012F /* HBExecutionContext_Private.h in Headers */ = {isa = PBXBuildFile; fileRef = 061884E3182565FA00D1012F /* HBExecutionContext_Private.h */; };
		061884E7182570B100D1012F /* HBTestEscaping.m in Sources */ = {isa = PBXBuildFile; fileRef = 061884E6182570B100D1012F /* HBTestEscaping.m */; };
		061884E8182570B100D1012F /* HBTestEscaping.m in Sources */ = {isa = PBXBuildFile; fileRef = 061884E6182570B100D1012F /* HBTestEscaping.m */; };
		061ACEA1180C1C8E00081763 /* HBErrorHandling.h in Headers */ = {isa = PBXBuildFile; fileRef = 061ACE9F180C1C8E00081763 /* HBErrorHandling.h */; settings = {ATTRIBUTES = (Public, ); }; };
		061ACEA2180C1C8E00081763 /* HBErrorHandling.h in Headers */ = {isa = PBXBuildFile; fileRef = 061ACE9F180C1C8E00081763 /* HBErrorHandling.h */; };
		061ACEA3180C1C8E00081763 /* HBErrorHandling.m in Sources */ = {isa = PBXBuildFile; fileRef = 061ACEA0180C1C8E00081763 /* HBErrorHandling.m */; };
		061ACEA4180C1C8E00081763 /* HBErrorHandling.m in Sources */ = {isa = PBXBuildFile; fileRef = 061ACEA0180C1C8E00081763 /* HBErrorHandling.m */; };
		06279A0018DF49BF00DB552E /* HBAstParserPostprocessingVisitor.h in Headers */ = {isa = PBXBuildFile; fileRef = 062799FE18DF49BF00DB552E /* HBAstParserPostprocessingVisitor.h */; };
		06279A0118DF49BF00DB552E /* HBAstParserPostprocessingVisitor.h in Headers */ = {isa = PBXBuildFile; fileRef = 062799FE18DF49BF00DB552E /* HBAstParserPostprocessingVisitor.h */; };
		06279A0218DF49BF00DB552E /* HBAstParserPostprocessingVisitor.m in Sources */ = {isa = PBXBuildFile; fileRef = 062799FF18DF49BF00DB552E /* HBAstParserPostprocessingVisitor.m */; };
		06279A0318DF49BF00DB552E /* HBAstParserPostprocessingVisitor.m in Sources */ = {isa = PBXBuildFile; fileRef = 062799FF18DF49BF00DB552E /* HBAstParserPostprocessingVisitor.m */; };
		06279A0518DF9A5300DB552E /* HBTestWhitespaceControl.m in Sources */ = {isa = PBXBuildFile; fileRef = 06279A0418DF9A5300DB552E /* HBTestWhitespaceControl.m */; };
		06279A0618DF9A5300DB552E /* HBTestWhitespaceControl.m in Sources */ = {isa = PBXBuildFile; fileRef = 06279A0418DF9A5300DB552E /* HBTestWhitespaceControl.m */; };
		06279A0918E0CFF000DB552E /* HBAstParametersHash.h in Headers */ = {isa = PBXBuildFile; fileRef = 06279A0718E0CFF000DB552E /* HBAstParametersHash.h */; };
		06279A0A18E0CFF000DB552E /* HBAstParametersHash.h in Headers */ = {isa = PBXBuildFile; fileRef = 06279A0718E0CFF000DB552E /* HBAstParametersHash.h */; };
		06279A0B18E0CFF000DB552E /* HBAstParametersHash.m in Sources */ = {isa = PBXBuildFile; fileRef = 06279A0818E0CFF000DB552E /* HBAstParametersHash.m */; };
		06279A0C18E0CFF000DB552E /* HBAstParametersHash.m in Sources */ = {isa = PBXBuildFile; fileRef = 06279A0818E0CFF000DB552E /* HBAstParametersHash.m */; };
		0630B18C17F2EF9100EA7018 /* Cocoa.framework in Frameworks */ = {isa = PBXBuildFile; fileRef = 0630B18B17F2EF9100EA7018 /* Cocoa.framework */; };
		0630B19617F2EF9100EA7018 /* InfoPlist.strings in Resources */ = {isa = PBXBuildFile; fileRef = 0630B19417F2EF9100EA7018 /* InfoPlist.strings */; };
		0630B1A117F2EF9100EA7018 /* XCTest.framework in Frameworks */ = {isa = PBXBuildFile; fileRef = 0630B1A017F2EF9100EA7018 /* XCTest.framework */; };
		0630B1A217F2EF9100EA7018 /* Cocoa.framework in Frameworks */ = {isa = PBXBuildFile; fileRef = 0630B18B17F2EF9100EA7018 /* Cocoa.framework */; };
		0630B1A517F2EF9100EA7018 /* HBHandlebars.framework in Frameworks */ = {isa = PBXBuildFile; fileRef = 0630B18817F2EF9100EA7018 /* HBHandlebars.framework */; };
		0630B1AB17F2EF9100EA7018 /* InfoPlist.strings in Resources */ = {isa = PBXBuildFile; fileRef = 0630B1A917F2EF9100EA7018 /* InfoPlist.strings */; };
		0630B1C117F2EFE600EA7018 /* handlebars-objc.lm in Sources */ = {isa = PBXBuildFile; fileRef = 0630B1BA17F2EFE600EA7018 /* handlebars-objc.lm */; };
		0630B1C217F2EFE600EA7018 /* handlebars-objc.ym in Sources */ = {isa = PBXBuildFile; fileRef = 0630B1BB17F2EFE600EA7018 /* handlebars-objc.ym */; };
		0630B1C617F33CB700EA7018 /* libl.a in Frameworks */ = {isa = PBXBuildFile; fileRef = 0630B1C517F33CB700EA7018 /* libl.a */; };
		0630B1CA17F33EB500EA7018 /* HBAstNode.h in Headers */ = {isa = PBXBuildFile; fileRef = 0630B1C817F33EB500EA7018 /* HBAstNode.h */; };
		0630B1CB17F33EB500EA7018 /* HBAstNode.m in Sources */ = {isa = PBXBuildFile; fileRef = 0630B1C917F33EB500EA7018 /* HBAstNode.m */; };
		0630B1CE17F33EDA00EA7018 /* HBAstProgram.h in Headers */ = {isa = PBXBuildFile; fileRef = 0630B1CC17F33EDA00EA7018 /* HBAstProgram.h */; };
		0630B1CF17F33EDA00EA7018 /* HBAstProgram.m in Sources */ = {isa = PBXBuildFile; fileRef = 0630B1CD17F33EDA00EA7018 /* HBAstProgram.m */; };
		0630B1D917F466B800EA7018 /* HBParser.h in Headers */ = {isa = PBXBuildFile; fileRef = 0630B1D717F466B800EA7018 /* HBParser.h */; };
		0630B1DA17F466B800EA7018 /* HBParser.m in Sources */ = {isa = PBXBuildFile; fileRef = 0630B1D817F466B800EA7018 /* HBParser.m */; };
		06345249180F473C003C0B7C /* HBHandlebarsKVCValidation.h in Headers */ = {isa = PBXBuildFile; fileRef = 06345247180F45EE003C0B7C /* HBHandlebarsKVCValidation.h */; settings = {ATTRIBUTES = (Public, ); }; };
		063452C81811DAC3003C0B7C /* HBTestExecutionContext.m in Sources */ = {isa = PBXBuildFile; fileRef = 063452C61811DAC3003C0B7C /* HBTestExecutionContext.m */; };
		0638A5CA18D837130090D490 /* HBTestCase.m in Sources */ = {isa = PBXBuildFile; fileRef = 0638A5C918D837130090D490 /* HBTestCase.m */; };
		0638A5CB18D837130090D490 /* HBTestCase.m in Sources */ = {isa = PBXBuildFile; fileRef = 0638A5C918D837130090D490 /* HBTestCase.m */; };
		063FA2941812D61A004FBA94 /* HBTestExecutionContext.m in Sources */ = {isa = PBXBuildFile; fileRef = 063452C61811DAC3003C0B7C /* HBTestExecutionContext.m */; };
		063FE3F918EDA51B002F6738 /* HBEscapedString.h in Headers */ = {isa = PBXBuildFile; fileRef = 063FE3F718EDA51B002F6738 /* HBEscapedString.h */; };
		063FE3FA18EDA51B002F6738 /* HBEscapedString.h in Headers */ = {isa = PBXBuildFile; fileRef = 063FE3F718EDA51B002F6738 /* HBEscapedString.h */; };
		063FE3FB18EDA51B002F6738 /* HBEscapedString.m in Sources */ = {isa = PBXBuildFile; fileRef = 063FE3F818EDA51B002F6738 /* HBEscapedString.m */; };
		063FE3FC18EDA51B002F6738 /* HBEscapedString.m in Sources */ = {isa = PBXBuildFile; fileRef = 063FE3F818EDA51B002F6738 /* HBEscapedString.m */; };
		063FE3FE18EDB430002F6738 /* HBEscapedString_Private.h in Headers */ = {isa = PBXBuildFile; fileRef = 063FE3FD18EDB430002F6738 /* HBEscapedString_Private.h */; };
		063FE3FF18EDB430002F6738 /* HBEscapedString_Private.h in Headers */ = {isa = PBXBuildFile; fileRef = 063FE3FD18EDB430002F6738 /* HBEscapedString_Private.h */; };
		06556D7F17FEFB0C00070907 /* HBPartial.h in Headers */ = {isa = PBXBuildFile; fileRef = 06556D7D17FEFB0C00070907 /* HBPartial.h */; settings = {ATTRIBUTES = (Public, ); }; };
		06556D8017FEFB0C00070907 /* HBPartial.m in Sources */ = {isa = PBXBuildFile; fileRef = 06556D7E17FEFB0C00070907 /* HBPartial.m */; };
		06556D8317FEFB7C00070907 /* HBPartialRegistry.h in Headers */ = {isa = PBXBuildFile; fileRef = 06556D8117FEFB7C00070907 /* HBPartialRegistry.h */; settings = {ATTRIBUTES = (Public, ); }; };
		06556D8417FEFB7C00070907 /* HBPartialRegistry.m in Sources */ = {isa = PBXBuildFile; fileRef = 06556D8217FEFB7C00070907 /* HBPartialRegistry.m */; };
		06556D8717FF0B7600070907 /* HBTestPartials.m in Sources */ = {isa = PBXBuildFile; fileRef = 06556D8617FF0B7600070907 /* HBTestPartials.m */; };
		06556D8E17FF177700070907 /* HBExecutionContext.h in Headers */ = {isa = PBXBuildFile; fileRef = 06556D8917FF177700070907 /* HBExecutionContext.h */; settings = {ATTRIBUTES = (Public, ); }; };
		06556D8F17FF177700070907 /* HBExecutionContext.m in Sources */ = {isa = PBXBuildFile; fileRef = 06556D8A17FF177700070907 /* HBExecutionContext.m */; };
		06556D9017FF177700070907 /* HBTemplate.h in Headers */ = {isa = PBXBuildFile; fileRef = 06556D8B17FF177700070907 /* HBTemplate.h */; settings = {ATTRIBUTES = (Public, ); }; };
		06556D9117FF177700070907 /* HBTemplate.m in Sources */ = {isa = PBXBuildFile; fileRef = 06556D8C17FF177700070907 /* HBTemplate.m */; };
		06556D9217FF177700070907 /* HBTemplate_Private.h in Headers */ = {isa = PBXBuildFile; fileRef = 06556D8D17FF177700070907 /* HBTemplate_Private.h */; };
		06556D9517FF178300070907 /* HBHandlebars.h in Headers */ = {isa = PBXBuildFile; fileRef = 06556D9317FF178300070907 /* HBHandlebars.h */; settings = {ATTRIBUTES = (Public, ); }; };
		06556D9617FF178300070907 /* HBHandlebars.m in Sources */ = {isa = PBXBuildFile; fileRef = 06556D9417FF178300070907 /* HBHandlebars.m */; };
		065C287C17FA166C00894DD4 /* HBContextStack.h in Headers */ = {isa = PBXBuildFile; fileRef = 065C287A17FA166C00894DD4 /* HBContextStack.h */; };
		065C287D17FA166C00894DD4 /* HBContextStack.m in Sources */ = {isa = PBXBuildFile; fileRef = 065C287B17FA166C00894DD4 /* HBContextStack.m */; };
		066AC1AF18E1B9B5000B5A53 /* HBTestData.m in Sources */ = {isa = PBXBuildFile; fileRef = 066AC1AE18E1B9B5000B5A53 /* HBTestData.m */; };
		066AC1B018E1B9B5000B5A53 /* HBTestData.m in Sources */ = {isa = PBXBuildFile; fileRef = 066AC1AE18E1B9B5000B5A53 /* HBTestData.m */; };
		06743FB517FB572B001793F7 /* HBContextRendering.h in Headers */ = {isa = PBXBuildFile; fileRef = 06743FB317FB572B001793F7 /* HBContextRendering.h */; };
		06743FB617FB572B001793F7 /* HBContextRendering.m in Sources */ = {isa = PBXBuildFile; fileRef = 06743FB417FB572B001793F7 /* HBContextRendering.m */; };
		06743FB918005CFB001793F7 /* HBBuiltinHelpersRegistry.h in Headers */ = {isa = PBXBuildFile; fileRef = 06743FB718005CFB001793F7 /* HBBuiltinHelpersRegistry.h */; };
		06743FBA18005CFB001793F7 /* HBBuiltinHelpersRegistry.m in Sources */ = {isa = PBXBuildFile; fileRef = 06743FB818005CFB001793F7 /* HBBuiltinHelpersRegistry.m */; };
		06798D2F17F5AFA900FC40D7 /* HBAstSimpleTag.h in Headers */ = {isa = PBXBuildFile; fileRef = 06798D2D17F5AFA900FC40D7 /* HBAstSimpleTag.h */; };
		06798D3017F5AFA900FC40D7 /* HBAstSimpleTag.m in Sources */ = {isa = PBXBuildFile; fileRef = 06798D2E17F5AFA900FC40D7 /* HBAstSimpleTag.m */; };
		06798D3317F5B6EF00FC40D7 /* HBAstBlock.h in Headers */ = {isa = PBXBuildFile; fileRef = 06798D3117F5B6EF00FC40D7 /* HBAstBlock.h */; };
		06798D3417F5B6EF00FC40D7 /* HBAstBlock.m in Sources */ = {isa = PBXBuildFile; fileRef = 06798D3217F5B6EF00FC40D7 /* HBAstBlock.m */; };
		06798D3717F5B70200FC40D7 /* HBAstTag.h in Headers */ = {isa = PBXBuildFile; fileRef = 06798D3517F5B70200FC40D7 /* HBAstTag.h */; };
		06798D3817F5B70200FC40D7 /* HBAstTag.m in Sources */ = {isa = PBXBuildFile; fileRef = 06798D3617F5B70200FC40D7 /* HBAstTag.m */; };
		06798D3B17F5C5AE00FC40D7 /* HBAstPartialTag.h in Headers */ = {isa = PBXBuildFile; fileRef = 06798D3917F5C5AE00FC40D7 /* HBAstPartialTag.h */; };
		06798D3C17F5C5AE00FC40D7 /* HBAstPartialTag.m in Sources */ = {isa = PBXBuildFile; fileRef = 06798D3A17F5C5AE00FC40D7 /* HBAstPartialTag.m */; };
		06798D4B17F5CA3500FC40D7 /* HBAstContextualValue.h in Headers */ = {isa = PBXBuildFile; fileRef = 06798D3F17F5CA3500FC40D7 /* HBAstContextualValue.h */; };
		06798D4C17F5CA3500FC40D7 /* HBAstContextualValue.m in Sources */ = {isa = PBXBuildFile; fileRef = 06798D4017F5CA3500FC40D7 /* HBAstContextualValue.m */; };
		06798D4D17F5CA3500FC40D7 /* HBAstExpression.h in Headers */ = {isa = PBXBuildFile; fileRef = 06798D4117F5CA3500FC40D7 /* HBAstExpression.h */; };
		06798D4E17F5CA3500FC40D7 /* HBAstExpression.m in Sources */ = {isa = PBXBuildFile; fileRef = 06798D4217F5CA3500FC40D7 /* HBAstExpression.m */; };
		06798D4F17F5CA3500FC40D7 /* HBAstKeyPathComponent.h in Headers */ = {isa = PBXBuildFile; fileRef = 06798D4317F5CA3500FC40D7 /* HBAstKeyPathComponent.h */; };
		06798D5017F5CA3500FC40D7 /* HBAstKeyPathComponent.m in Sources */ = {isa = PBXBuildFile; fileRef = 06798D4417F5CA3500FC40D7 /* HBAstKeyPathComponent.m */; };
		06798D5117F5CA3500FC40D7 /* HBAstNumber.h in Headers */ = {isa = PBXBuildFile; fileRef = 06798D4517F5CA3500FC40D7 /* HBAstNumber.h */; };
		06798D5217F5CA3500FC40D7 /* HBAstNumber.m in Sources */ = {isa = PBXBuildFile; fileRef = 06798D4617F5CA3500FC40D7 /* HBAstNumber.m */; };
		06798D5317F5CA3500FC40D7 /* HBAstString.h in Headers */ = {isa = PBXBuildFile; fileRef = 06798D4717F5CA3500FC40D7 /* HBAstString.h */; };
		06798D5417F5CA3500FC40D7 /* HBAstString.m in Sources */ = {isa = PBXBuildFile; fileRef = 06798D4817F5CA3500FC40D7 /* HBAstString.m */; };
		06798D5517F5CA3500FC40D7 /* HBAstValue.h in Headers */ = {isa = PBXBuildFile; fileRef = 06798D4917F5CA3500FC40D7 /* HBAstValue.h */; };
		06798D5617F5CA3500FC40D7 /* HBAstValue.m in Sources */ = {isa = PBXBuildFile; fileRef = 06798D4A17F5CA3500FC40D7 /* HBAstValue.m */; };
		06798D5D17F5D7AD00FC40D7 /* HBAstRawText.h in Headers */ = {isa = PBXBuildFile; fileRef = 06798D5B17F5D7AD00FC40D7 /* HBAstRawText.h */; };
		06798D5E17F5D7AD00FC40D7 /* HBAstRawText.m in Sources */ = {isa = PBXBuildFile; fileRef = 06798D5C17F5D7AD00FC40D7 /* HBAstRawText.m */; };
		06798D6417F9A12A00FC40D7 /* HBAstEvaluationVisitor.h in Headers */ = {isa = PBXBuildFile; fileRef = 06798D6217F9A12A00FC40D7 /* HBAstEvaluationVisitor.h */; };
		06798D6517F9A12A00FC40D7 /* HBAstEvaluationVisitor.m in Sources */ = {isa = PBXBuildFile; fileRef = 06798D6317F9A12A00FC40D7 /* HBAstEvaluationVisitor.m */; };
		06798D6917F9B22D00FC40D7 /* HBContextState.h in Headers */ = {isa = PBXBuildFile; fileRef = 06798D6717F9B22D00FC40D7 /* HBContextState.h */; };
		06798D6A17F9B22D00FC40D7 /* HBContextState.m in Sources */ = {isa = PBXBuildFile; fileRef = 06798D6817F9B22D00FC40D7 /* HBContextState.m */; };
		0698F02517FEC78A005203F6 /* HBHelperCallingInfo.h in Headers */ = {isa = PBXBuildFile; fileRef = 0698F02317FEC78A005203F6 /* HBHelperCallingInfo.h */; settings = {ATTRIBUTES = (Public, ); }; };
		0698F02617FEC78A005203F6 /* HBHelperCallingInfo.m in Sources */ = {isa = PBXBuildFile; fileRef = 0698F02417FEC78A005203F6 /* HBHelperCallingInfo.m */; };
		06A81A9717F86ECE0006F16A /* HBAstVisitor.h in Headers */ = {isa = PBXBuildFile; fileRef = 06A81A9517F86ECE0006F16A /* HBAstVisitor.h */; };
		06A81A9817F86ECE0006F16A /* HBAstVisitor.m in Sources */ = {isa = PBXBuildFile; fileRef = 06A81A9617F86ECE0006F16A /* HBAstVisitor.m */; };
		06A81A9B17F879240006F16A /* HBAstParserTestVisitor.h in Headers */ = {isa = PBXBuildFile; fileRef = 06A81A9917F879240006F16A /* HBAstParserTestVisitor.h */; };
		06A81A9C17F879240006F16A /* HBAstParserTestVisitor.m in Sources */ = {isa = PBXBuildFile; fileRef = 06A81A9A17F879240006F16A /* HBAstParserTestVisitor.m */; };
		06A81A9E17F87FFD0006F16A /* HBTestParser.m in Sources */ = {isa = PBXBuildFile; fileRef = 06A81A9D17F87FFD0006F16A /* HBTestParser.m */; };
		06A81AA117F8D3750006F16A /* HBAstComment.h in Headers */ = {isa = PBXBuildFile; fileRef = 06A81A9F17F8D3750006F16A /* HBAstComment.h */; };
		06A81AA217F8D3750006F16A /* HBAstComment.m in Sources */ = {isa = PBXBuildFile; fileRef = 06A81AA017F8D3750006F16A /* HBAstComment.m */; };
		06AAAF6218D7A03B001E2859 /* HBTestSubexpressions.m in Sources */ = {isa = PBXBuildFile; fileRef = 06AAAF6118D7A03B001E2859 /* HBTestSubexpressions.m */; };
		06AAAF6318D7A03B001E2859 /* HBTestSubexpressions.m in Sources */ = {isa = PBXBuildFile; fileRef = 06AAAF6118D7A03B001E2859 /* HBTestSubexpressions.m */; };
		06D426BD17FC5E4200C41476 /* HBHelper.h in Headers */ = {isa = PBXBuildFile; fileRef = 06D426BB17FC5E4200C41476 /* HBHelper.h */; settings = {ATTRIBUTES = (Public, ); }; };
		06D426BE17FC5E4200C41476 /* HBHelper.m in Sources */ = {isa = PBXBuildFile; fileRef = 06D426BC17FC5E4200C41476 /* HBHelper.m */; };
		06D426C117FC62A000C41476 /* HBHelperRegistry.h in Headers */ = {isa = PBXBuildFile; fileRef = 06D426BF17FC62A000C41476 /* HBHelperRegistry.h */; settings = {ATTRIBUTES = (Public, ); }; };
		06D426C217FC62A000C41476 /* HBHelperRegistry.m in Sources */ = {isa = PBXBuildFile; fileRef = 06D426C017FC62A000C41476 /* HBHelperRegistry.m */; };
		06D426C317FC6CC500C41476 /* HBTestHelpers.m in Sources */ = {isa = PBXBuildFile; fileRef = 06D426B817FC554800C41476 /* HBTestHelpers.m */; };
		06D4DBD7180B4E4700278279 /* HBHelperUtils.h in Headers */ = {isa = PBXBuildFile; fileRef = 06D4DBD5180B4E4700278279 /* HBHelperUtils.h */; settings = {ATTRIBUTES = (Public, ); }; };
		06D4DBD8180B4E4700278279 /* HBHelperUtils.h in Headers */ = {isa = PBXBuildFile; fileRef = 06D4DBD5180B4E4700278279 /* HBHelperUtils.h */; };
		06D4DBD9180B4E4700278279 /* HBHelperUtils.m in Sources */ = {isa = PBXBuildFile; fileRef = 06D4DBD6180B4E4700278279 /* HBHelperUtils.m */; };
		06D4DBDA180B4E4700278279 /* HBHelperUtils.m in Sources */ = {isa = PBXBuildFile; fileRef = 06D4DBD6180B4E4700278279 /* HBHelperUtils.m */; };
		06E478F217FAC2CB0029C3D1 /* HBTestSimpleTags.m in Sources */ = {isa = PBXBuildFile; fileRef = 06E478F117FAC2CB0029C3D1 /* HBTestSimpleTags.m */; };
		06E478F417FAC84D0029C3D1 /* HBTestBuiltinBlockHelpers.m in Sources */ = {isa = PBXBuildFile; fileRef = 06E478F317FAC84D0029C3D1 /* HBTestBuiltinBlockHelpers.m */; };
		06E478F617FAC87A0029C3D1 /* HBTestSimpleBlocks.m in Sources */ = {isa = PBXBuildFile; fileRef = 06E478F517FAC87A0029C3D1 /* HBTestSimpleBlocks.m */; };
		06E4790A17FC0CA90029C3D1 /* HBDataContext.h in Headers */ = {isa = PBXBuildFile; fileRef = 06E4790817FC0CA90029C3D1 /* HBDataContext.h */; settings = {ATTRIBUTES = (Public, ); }; };
		06E4790B17FC0CA90029C3D1 /* HBDataContext.m in Sources */ = {isa = PBXBuildFile; fileRef = 06E4790917FC0CA90029C3D1 /* HBDataContext.m */; };
		06E89C061802E24900A6F461 /* libhandlebars-objc-ios.a in Frameworks */ = {isa = PBXBuildFile; fileRef = 06F4933E1802D07F0055B5BC /* libhandlebars-objc-ios.a */; };
		06F40AA2185F5E4300EC3463 /* HBTestExtraHelpersLibrary.m in Sources */ = {isa = PBXBuildFile; fileRef = 06F40AA1185F5E4300EC3463 /* HBTestExtraHelpersLibrary.m */; };
		06F40AA3185F5E4300EC3463 /* HBTestExtraHelpersLibrary.m in Sources */ = {isa = PBXBuildFile; fileRef = 06F40AA1185F5E4300EC3463 /* HBTestExtraHelpersLibrary.m */; };
		06F493401802D07F0055B5BC /* Foundation.framework in Frameworks */ = {isa = PBXBuildFile; fileRef = 06F4933F1802D07F0055B5BC /* Foundation.framework */; };
		06F4934D1802D07F0055B5BC /* XCTest.framework in Frameworks */ = {isa = PBXBuildFile; fileRef = 0630B1A017F2EF9100EA7018 /* XCTest.framework */; };
		06F4934E1802D07F0055B5BC /* Foundation.framework in Frameworks */ = {isa = PBXBuildFile; fileRef = 06F4933F1802D07F0055B5BC /* Foundation.framework */; };
		06F493501802D07F0055B5BC /* UIKit.framework in Frameworks */ = {isa = PBXBuildFile; fileRef = 06F4934F1802D07F0055B5BC /* UIKit.framework */; };
		06F493621802D1500055B5BC /* HBHandlebars.m in Sources */ = {isa = PBXBuildFile; fileRef = 06556D9417FF178300070907 /* HBHandlebars.m */; };
		06F493631802D1500055B5BC /* HBAstBlock.m in Sources */ = {isa = PBXBuildFile; fileRef = 06798D3217F5B6EF00FC40D7 /* HBAstBlock.m */; };
		06F493641802D1500055B5BC /* HBAstComment.m in Sources */ = {isa = PBXBuildFile; fileRef = 06A81AA017F8D3750006F16A /* HBAstComment.m */; };
		06F493651802D1500055B5BC /* HBAstNode.m in Sources */ = {isa = PBXBuildFile; fileRef = 0630B1C917F33EB500EA7018 /* HBAstNode.m */; };
		06F493661802D1500055B5BC /* HBAstPartialTag.m in Sources */ = {isa = PBXBuildFile; fileRef = 06798D3A17F5C5AE00FC40D7 /* HBAstPartialTag.m */; };
		06F493671802D1500055B5BC /* HBAstProgram.m in Sources */ = {isa = PBXBuildFile; fileRef = 0630B1CD17F33EDA00EA7018 /* HBAstProgram.m */; };
		06F493681802D1500055B5BC /* HBAstRawText.m in Sources */ = {isa = PBXBuildFile; fileRef = 06798D5C17F5D7AD00FC40D7 /* HBAstRawText.m */; };
		06F493691802D1500055B5BC /* HBAstSimpleTag.m in Sources */ = {isa = PBXBuildFile; fileRef = 06798D2E17F5AFA900FC40D7 /* HBAstSimpleTag.m */; };
		06F4936A1802D1500055B5BC /* HBAstTag.m in Sources */ = {isa = PBXBuildFile; fileRef = 06798D3617F5B70200FC40D7 /* HBAstTag.m */; };
		06F4936B1802D1500055B5BC /* HBAstContextualValue.m in Sources */ = {isa = PBXBuildFile; fileRef = 06798D4017F5CA3500FC40D7 /* HBAstContextualValue.m */; };
		06F4936C1802D1500055B5BC /* HBAstExpression.m in Sources */ = {isa = PBXBuildFile; fileRef = 06798D4217F5CA3500FC40D7 /* HBAstExpression.m */; };
		06F4936D1802D1500055B5BC /* HBAstKeyPathComponent.m in Sources */ = {isa = PBXBuildFile; fileRef = 06798D4417F5CA3500FC40D7 /* HBAstKeyPathComponent.m */; };
		06F4936E1802D1500055B5BC /* HBAstNumber.m in Sources */ = {isa = PBXBuildFile; fileRef = 06798D4617F5CA3500FC40D7 /* HBAstNumber.m */; };
		06F4936F1802D1500055B5BC /* HBAstString.m in Sources */ = {isa = PBXBuildFile; fileRef = 06798D4817F5CA3500FC40D7 /* HBAstString.m */; };
		06F493701802D1500055B5BC /* HBAstValue.m in Sources */ = {isa = PBXBuildFile; fileRef = 06798D4A17F5CA3500FC40D7 /* HBAstValue.m */; };
		06F493711802D1500055B5BC /* HBAstVisitor.m in Sources */ = {isa = PBXBuildFile; fileRef = 06A81A9617F86ECE0006F16A /* HBAstVisitor.m */; };
		06F493721802D1500055B5BC /* HBAstParserTestVisitor.m in Sources */ = {isa = PBXBuildFile; fileRef = 06A81A9A17F879240006F16A /* HBAstParserTestVisitor.m */; };
		06F493731802D1500055B5BC /* HBAstEvaluationVisitor.m in Sources */ = {isa = PBXBuildFile; fileRef = 06798D6317F9A12A00FC40D7 /* HBAstEvaluationVisitor.m */; };
		06F493741802D1500055B5BC /* HBContextStack.m in Sources */ = {isa = PBXBuildFile; fileRef = 065C287B17FA166C00894DD4 /* HBContextStack.m */; };
		06F493751802D1500055B5BC /* HBContextState.m in Sources */ = {isa = PBXBuildFile; fileRef = 06798D6817F9B22D00FC40D7 /* HBContextState.m */; };
		06F493761802D1500055B5BC /* HBContextRendering.m in Sources */ = {isa = PBXBuildFile; fileRef = 06743FB417FB572B001793F7 /* HBContextRendering.m */; };
		06F493771802D1500055B5BC /* HBDataContext.m in Sources */ = {isa = PBXBuildFile; fileRef = 06E4790917FC0CA90029C3D1 /* HBDataContext.m */; };
		06F493781802D1500055B5BC /* HBHelper.m in Sources */ = {isa = PBXBuildFile; fileRef = 06D426BC17FC5E4200C41476 /* HBHelper.m */; };
		06F493791802D1500055B5BC /* HBHelperCallingInfo.m in Sources */ = {isa = PBXBuildFile; fileRef = 0698F02417FEC78A005203F6 /* HBHelperCallingInfo.m */; };
		06F4937A1802D1500055B5BC /* HBHelperRegistry.m in Sources */ = {isa = PBXBuildFile; fileRef = 06D426C017FC62A000C41476 /* HBHelperRegistry.m */; };
		06F4937B1802D1500055B5BC /* HBBuiltinHelpersRegistry.m in Sources */ = {isa = PBXBuildFile; fileRef = 06743FB818005CFB001793F7 /* HBBuiltinHelpersRegistry.m */; };
		06F4937C1802D1500055B5BC /* handlebars-objc.lm in Sources */ = {isa = PBXBuildFile; fileRef = 0630B1BA17F2EFE600EA7018 /* handlebars-objc.lm */; };
		06F4937D1802D1500055B5BC /* handlebars-objc.ym in Sources */ = {isa = PBXBuildFile; fileRef = 0630B1BB17F2EFE600EA7018 /* handlebars-objc.ym */; };
		06F4937E1802D1500055B5BC /* HBParser.m in Sources */ = {isa = PBXBuildFile; fileRef = 0630B1D817F466B800EA7018 /* HBParser.m */; };
		06F4937F1802D1500055B5BC /* HBPartial.m in Sources */ = {isa = PBXBuildFile; fileRef = 06556D7E17FEFB0C00070907 /* HBPartial.m */; };
		06F493801802D1500055B5BC /* HBPartialRegistry.m in Sources */ = {isa = PBXBuildFile; fileRef = 06556D8217FEFB7C00070907 /* HBPartialRegistry.m */; };
		06F493811802D1500055B5BC /* HBExecutionContext.m in Sources */ = {isa = PBXBuildFile; fileRef = 06556D8A17FF177700070907 /* HBExecutionContext.m */; };
		06F493821802D1500055B5BC /* HBTemplate.m in Sources */ = {isa = PBXBuildFile; fileRef = 06556D8C17FF177700070907 /* HBTemplate.m */; };
		06F493841802D1820055B5BC /* HBHandlebars.h in Headers */ = {isa = PBXBuildFile; fileRef = 06556D9317FF178300070907 /* HBHandlebars.h */; };
		06F493851802D1820055B5BC /* HBDataContext.h in Headers */ = {isa = PBXBuildFile; fileRef = 06E4790817FC0CA90029C3D1 /* HBDataContext.h */; };
		06F493861802D1820055B5BC /* HBHelper.h in Headers */ = {isa = PBXBuildFile; fileRef = 06D426BB17FC5E4200C41476 /* HBHelper.h */; };
		06F493871802D1820055B5BC /* HBHelperCallingInfo.h in Headers */ = {isa = PBXBuildFile; fileRef = 0698F02317FEC78A005203F6 /* HBHelperCallingInfo.h */; };
		06F493881802D1820055B5BC /* HBHelperRegistry.h in Headers */ = {isa = PBXBuildFile; fileRef = 06D426BF17FC62A000C41476 /* HBHelperRegistry.h */; };
		06F493891802D1820055B5BC /* HBPartial.h in Headers */ = {isa = PBXBuildFile; fileRef = 06556D7D17FEFB0C00070907 /* HBPartial.h */; };
		06F4938A1802D1820055B5BC /* HBPartialRegistry.h in Headers */ = {isa = PBXBuildFile; fileRef = 06556D8117FEFB7C00070907 /* HBPartialRegistry.h */; };
		06F4938B1802D1820055B5BC /* HBExecutionContext.h in Headers */ = {isa = PBXBuildFile; fileRef = 06556D8917FF177700070907 /* HBExecutionContext.h */; };
		06F4938C1802D1820055B5BC /* HBTemplate.h in Headers */ = {isa = PBXBuildFile; fileRef = 06556D8B17FF177700070907 /* HBTemplate.h */; };
		06F493B61802D75E0055B5BC /* HBTestHelpers.m in Sources */ = {isa = PBXBuildFile; fileRef = 06D426B817FC554800C41476 /* HBTestHelpers.m */; };
		06F493B71802D75E0055B5BC /* HBTestParser.m in Sources */ = {isa = PBXBuildFile; fileRef = 06A81A9D17F87FFD0006F16A /* HBTestParser.m */; };
		06F493B81802D75E0055B5BC /* HBTestPartials.m in Sources */ = {isa = PBXBuildFile; fileRef = 06556D8617FF0B7600070907 /* HBTestPartials.m */; };
		06F493B91802D75E0055B5BC /* HBTestSimpleBlocks.m in Sources */ = {isa = PBXBuildFile; fileRef = 06E478F517FAC87A0029C3D1 /* HBTestSimpleBlocks.m */; };
		06F493BA1802D75E0055B5BC /* HBTestSimpleTags.m in Sources */ = {isa = PBXBuildFile; fileRef = 06E478F117FAC2CB0029C3D1 /* HBTestSimpleTags.m */; };
		06F493BB1802D75E0055B5BC /* HBTestBuiltinBlockHelpers.m in Sources */ = {isa = PBXBuildFile; fileRef = 06E478F317FAC84D0029C3D1 /* HBTestBuiltinBlockHelpers.m */; };
		06F601FE1812D0CD0019D9C1 /* HBExecutionContextDelegate.h in Headers */ = {isa = PBXBuildFile; fileRef = 06F601FD1812D0CD0019D9C1 /* HBExecutionContextDelegate.h */; settings = {ATTRIBUTES = (Public, ); }; };
		06F601FF1812D0CD0019D9C1 /* HBExecutionContextDelegate.h in Headers */ = {isa = PBXBuildFile; fileRef = 06F601FD1812D0CD0019D9C1 /* HBExecutionContextDelegate.h */; };
/* End PBXBuildFile section */

/* Begin PBXContainerItemProxy section */
		0630B1A317F2EF9100EA7018 /* PBXContainerItemProxy */ = {
			isa = PBXContainerItemProxy;
			containerPortal = 0630B17F17F2EF9100EA7018 /* Project object */;
			proxyType = 1;
			remoteGlobalIDString = 0630B18717F2EF9100EA7018;
			remoteInfo = "handlebars-objc";
		};
		06F493511802D07F0055B5BC /* PBXContainerItemProxy */ = {
			isa = PBXContainerItemProxy;
			containerPortal = 0630B17F17F2EF9100EA7018 /* Project object */;
			proxyType = 1;
			remoteGlobalIDString = 06F4933D1802D07F0055B5BC;
			remoteInfo = "handlebars-objc-ios";
		};
/* End PBXContainerItemProxy section */

/* Begin PBXCopyFilesBuildPhase section */
		06F4933C1802D07F0055B5BC /* CopyFiles */ = {
			isa = PBXCopyFilesBuildPhase;
			buildActionMask = 2147483647;
			dstPath = "include/$(PRODUCT_NAME)";
			dstSubfolderSpec = 16;
			files = (
			);
			runOnlyForDeploymentPostprocessing = 0;
		};
/* End PBXCopyFilesBuildPhase section */

/* Begin PBXFileReference section */
		060EEF53180D7460009F2C0A /* HBObjectPropertyAccess.h */ = {isa = PBXFileReference; fileEncoding = 4; lastKnownFileType = sourcecode.c.h; path = HBObjectPropertyAccess.h; sourceTree = "<group>"; };
		060EEF54180D7460009F2C0A /* HBObjectPropertyAccess.m */ = {isa = PBXFileReference; fileEncoding = 4; lastKnownFileType = sourcecode.c.objc; path = HBObjectPropertyAccess.m; sourceTree = "<group>"; };
		060EEF59180D7BA8009F2C0A /* HBTestAccessToObjectProperties.m */ = {isa = PBXFileReference; fileEncoding = 4; lastKnownFileType = sourcecode.c.objc; path = HBTestAccessToObjectProperties.m; sourceTree = "<group>"; };
		061884DD18205AD300D1012F /* HBEscapingFunctions.h */ = {isa = PBXFileReference; fileEncoding = 4; lastKnownFileType = sourcecode.c.h; path = HBEscapingFunctions.h; sourceTree = "<group>"; };
		061884DE18205AD300D1012F /* HBEscapingFunctions.m */ = {isa = PBXFileReference; fileEncoding = 4; lastKnownFileType = sourcecode.c.objc; path = HBEscapingFunctions.m; sourceTree = "<group>"; };
		061884E3182565FA00D1012F /* HBExecutionContext_Private.h */ = {isa = PBXFileReference; lastKnownFileType = sourcecode.c.h; path = HBExecutionContext_Private.h; sourceTree = "<group>"; };
		061884E6182570B100D1012F /* HBTestEscaping.m */ = {isa = PBXFileReference; fileEncoding = 4; lastKnownFileType = sourcecode.c.objc; path = HBTestEscaping.m; sourceTree = "<group>"; };
		061ACE9F180C1C8E00081763 /* HBErrorHandling.h */ = {isa = PBXFileReference; fileEncoding = 4; lastKnownFileType = sourcecode.c.h; path = HBErrorHandling.h; sourceTree = "<group>"; };
		061ACEA0180C1C8E00081763 /* HBErrorHandling.m */ = {isa = PBXFileReference; fileEncoding = 4; lastKnownFileType = sourcecode.c.objc; path = HBErrorHandling.m; sourceTree = "<group>"; };
		061ACEA5180C209400081763 /* HBErrorHandling_Private.h */ = {isa = PBXFileReference; lastKnownFileType = sourcecode.c.h; path = HBErrorHandling_Private.h; sourceTree = "<group>"; };
		062799FE18DF49BF00DB552E /* HBAstParserPostprocessingVisitor.h */ = {isa = PBXFileReference; fileEncoding = 4; lastKnownFileType = sourcecode.c.h; path = HBAstParserPostprocessingVisitor.h; sourceTree = "<group>"; };
		062799FF18DF49BF00DB552E /* HBAstParserPostprocessingVisitor.m */ = {isa = PBXFileReference; fileEncoding = 4; lastKnownFileType = sourcecode.c.objc; path = HBAstParserPostprocessingVisitor.m; sourceTree = "<group>"; };
		06279A0418DF9A5300DB552E /* HBTestWhitespaceControl.m */ = {isa = PBXFileReference; fileEncoding = 4; lastKnownFileType = sourcecode.c.objc; path = HBTestWhitespaceControl.m; sourceTree = "<group>"; };
		06279A0718E0CFF000DB552E /* HBAstParametersHash.h */ = {isa = PBXFileReference; fileEncoding = 4; lastKnownFileType = sourcecode.c.h; path = HBAstParametersHash.h; sourceTree = "<group>"; };
		06279A0818E0CFF000DB552E /* HBAstParametersHash.m */ = {isa = PBXFileReference; fileEncoding = 4; lastKnownFileType = sourcecode.c.objc; path = HBAstParametersHash.m; sourceTree = "<group>"; };
		0630B18817F2EF9100EA7018 /* HBHandlebars.framework */ = {isa = PBXFileReference; explicitFileType = wrapper.framework; includeInIndex = 0; path = HBHandlebars.framework; sourceTree = BUILT_PRODUCTS_DIR; };
		0630B18B17F2EF9100EA7018 /* Cocoa.framework */ = {isa = PBXFileReference; lastKnownFileType = wrapper.framework; name = Cocoa.framework; path = System/Library/Frameworks/Cocoa.framework; sourceTree = SDKROOT; };
		0630B18E17F2EF9100EA7018 /* Foundation.framework */ = {isa = PBXFileReference; lastKnownFileType = wrapper.framework; name = Foundation.framework; path = System/Library/Frameworks/Foundation.framework; sourceTree = SDKROOT; };
		0630B18F17F2EF9100EA7018 /* CoreData.framework */ = {isa = PBXFileReference; lastKnownFileType = wrapper.framework; name = CoreData.framework; path = System/Library/Frameworks/CoreData.framework; sourceTree = SDKROOT; };
		0630B19017F2EF9100EA7018 /* AppKit.framework */ = {isa = PBXFileReference; lastKnownFileType = wrapper.framework; name = AppKit.framework; path = System/Library/Frameworks/AppKit.framework; sourceTree = SDKROOT; };
		0630B19317F2EF9100EA7018 /* handlebars-objc-Info.plist */ = {isa = PBXFileReference; lastKnownFileType = text.plist.xml; path = "handlebars-objc-Info.plist"; sourceTree = "<group>"; };
		0630B19517F2EF9100EA7018 /* en */ = {isa = PBXFileReference; lastKnownFileType = text.plist.strings; name = en; path = en.lproj/InfoPlist.strings; sourceTree = "<group>"; };
		0630B19717F2EF9100EA7018 /* handlebars-objc-Prefix.pch */ = {isa = PBXFileReference; lastKnownFileType = sourcecode.c.h; path = "handlebars-objc-Prefix.pch"; sourceTree = "<group>"; };
		0630B19F17F2EF9100EA7018 /* handlebars-objc-osx-tests.xctest */ = {isa = PBXFileReference; explicitFileType = wrapper.cfbundle; includeInIndex = 0; path = "handlebars-objc-osx-tests.xctest"; sourceTree = BUILT_PRODUCTS_DIR; };
		0630B1A017F2EF9100EA7018 /* XCTest.framework */ = {isa = PBXFileReference; lastKnownFileType = wrapper.framework; name = XCTest.framework; path = Library/Frameworks/XCTest.framework; sourceTree = DEVELOPER_DIR; };
		0630B1A817F2EF9100EA7018 /* handlebars-objcTests-Info.plist */ = {isa = PBXFileReference; lastKnownFileType = text.plist.xml; path = "handlebars-objcTests-Info.plist"; sourceTree = "<group>"; };
		0630B1AA17F2EF9100EA7018 /* en */ = {isa = PBXFileReference; lastKnownFileType = text.plist.strings; name = en; path = en.lproj/InfoPlist.strings; sourceTree = "<group>"; };
		0630B1BA17F2EFE600EA7018 /* handlebars-objc.lm */ = {isa = PBXFileReference; fileEncoding = 4; lastKnownFileType = sourcecode.lex; path = "handlebars-objc.lm"; sourceTree = "<group>"; };
		0630B1BB17F2EFE600EA7018 /* handlebars-objc.ym */ = {isa = PBXFileReference; fileEncoding = 4; lastKnownFileType = sourcecode.yacc; path = "handlebars-objc.ym"; sourceTree = "<group>"; };
		0630B1C517F33CB700EA7018 /* libl.a */ = {isa = PBXFileReference; lastKnownFileType = archive.ar; name = libl.a; path = ../../../../../usr/lib/libl.a; sourceTree = "<group>"; };
		0630B1C817F33EB500EA7018 /* HBAstNode.h */ = {isa = PBXFileReference; fileEncoding = 4; lastKnownFileType = sourcecode.c.h; path = HBAstNode.h; sourceTree = "<group>"; };
		0630B1C917F33EB500EA7018 /* HBAstNode.m */ = {isa = PBXFileReference; fileEncoding = 4; lastKnownFileType = sourcecode.c.objc; path = HBAstNode.m; sourceTree = "<group>"; };
		0630B1CC17F33EDA00EA7018 /* HBAstProgram.h */ = {isa = PBXFileReference; fileEncoding = 4; lastKnownFileType = sourcecode.c.h; path = HBAstProgram.h; sourceTree = "<group>"; };
		0630B1CD17F33EDA00EA7018 /* HBAstProgram.m */ = {isa = PBXFileReference; fileEncoding = 4; lastKnownFileType = sourcecode.c.objc; path = HBAstProgram.m; sourceTree = "<group>"; };
		0630B1D617F4265000EA7018 /* HBAst.h */ = {isa = PBXFileReference; lastKnownFileType = sourcecode.c.h; path = HBAst.h; sourceTree = "<group>"; };
		0630B1D717F466B800EA7018 /* HBParser.h */ = {isa = PBXFileReference; fileEncoding = 4; lastKnownFileType = sourcecode.c.h; path = HBParser.h; sourceTree = "<group>"; };
		0630B1D817F466B800EA7018 /* HBParser.m */ = {isa = PBXFileReference; fileEncoding = 4; lastKnownFileType = sourcecode.c.objc; path = HBParser.m; sourceTree = "<group>"; };
		06345247180F45EE003C0B7C /* HBHandlebarsKVCValidation.h */ = {isa = PBXFileReference; lastKnownFileType = sourcecode.c.h; path = HBHandlebarsKVCValidation.h; sourceTree = "<group>"; };
		063452C61811DAC3003C0B7C /* HBTestExecutionContext.m */ = {isa = PBXFileReference; fileEncoding = 4; lastKnownFileType = sourcecode.c.objc; path = HBTestExecutionContext.m; sourceTree = "<group>"; };
		0638A5C818D837130090D490 /* HBTestCase.h */ = {isa = PBXFileReference; fileEncoding = 4; lastKnownFileType = sourcecode.c.h; path = HBTestCase.h; sourceTree = "<group>"; };
		0638A5C918D837130090D490 /* HBTestCase.m */ = {isa = PBXFileReference; fileEncoding = 4; lastKnownFileType = sourcecode.c.objc; path = HBTestCase.m; sourceTree = "<group>"; };
		063FE3F618E420DA002F6738 /* travis-tests.sh */ = {isa = PBXFileReference; lastKnownFileType = text.script.sh; path = "travis-tests.sh"; sourceTree = "<group>"; };
		063FE3F718EDA51B002F6738 /* HBEscapedString.h */ = {isa = PBXFileReference; fileEncoding = 4; lastKnownFileType = sourcecode.c.h; name = HBEscapedString.h; path = "handlebars-objc/helpers/HBEscapedString.h"; sourceTree = SOURCE_ROOT; };
		063FE3F818EDA51B002F6738 /* HBEscapedString.m */ = {isa = PBXFileReference; fileEncoding = 4; lastKnownFileType = sourcecode.c.objc; name = HBEscapedString.m; path = "handlebars-objc/helpers/HBEscapedString.m"; sourceTree = SOURCE_ROOT; };
		063FE3FD18EDB430002F6738 /* HBEscapedString_Private.h */ = {isa = PBXFileReference; fileEncoding = 4; lastKnownFileType = sourcecode.c.h; path = HBEscapedString_Private.h; sourceTree = "<group>"; };
		06556D7D17FEFB0C00070907 /* HBPartial.h */ = {isa = PBXFileReference; fileEncoding = 4; lastKnownFileType = sourcecode.c.h; path = HBPartial.h; sourceTree = "<group>"; };
		06556D7E17FEFB0C00070907 /* HBPartial.m */ = {isa = PBXFileReference; fileEncoding = 4; lastKnownFileType = sourcecode.c.objc; path = HBPartial.m; sourceTree = "<group>"; };
		06556D8117FEFB7C00070907 /* HBPartialRegistry.h */ = {isa = PBXFileReference; fileEncoding = 4; lastKnownFileType = sourcecode.c.h; path = HBPartialRegistry.h; sourceTree = "<group>"; };
		06556D8217FEFB7C00070907 /* HBPartialRegistry.m */ = {isa = PBXFileReference; fileEncoding = 4; lastKnownFileType = sourcecode.c.objc; path = HBPartialRegistry.m; sourceTree = "<group>"; };
		06556D8517FF00AF00070907 /* HBPartial_Private.h */ = {isa = PBXFileReference; lastKnownFileType = sourcecode.c.h; path = HBPartial_Private.h; sourceTree = "<group>"; };
		06556D8617FF0B7600070907 /* HBTestPartials.m */ = {isa = PBXFileReference; fileEncoding = 4; lastKnownFileType = sourcecode.c.objc; path = HBTestPartials.m; sourceTree = "<group>"; };
		06556D8917FF177700070907 /* HBExecutionContext.h */ = {isa = PBXFileReference; fileEncoding = 4; lastKnownFileType = sourcecode.c.h; path = HBExecutionContext.h; sourceTree = "<group>"; };
		06556D8A17FF177700070907 /* HBExecutionContext.m */ = {isa = PBXFileReference; fileEncoding = 4; lastKnownFileType = sourcecode.c.objc; path = HBExecutionContext.m; sourceTree = "<group>"; };
		06556D8B17FF177700070907 /* HBTemplate.h */ = {isa = PBXFileReference; fileEncoding = 4; lastKnownFileType = sourcecode.c.h; path = HBTemplate.h; sourceTree = "<group>"; };
		06556D8C17FF177700070907 /* HBTemplate.m */ = {isa = PBXFileReference; fileEncoding = 4; lastKnownFileType = sourcecode.c.objc; path = HBTemplate.m; sourceTree = "<group>"; };
		06556D8D17FF177700070907 /* HBTemplate_Private.h */ = {isa = PBXFileReference; fileEncoding = 4; lastKnownFileType = sourcecode.c.h; path = HBTemplate_Private.h; sourceTree = "<group>"; };
		06556D9317FF178300070907 /* HBHandlebars.h */ = {isa = PBXFileReference; fileEncoding = 4; lastKnownFileType = sourcecode.c.h; path = HBHandlebars.h; sourceTree = "<group>"; };
		06556D9417FF178300070907 /* HBHandlebars.m */ = {isa = PBXFileReference; fileEncoding = 4; lastKnownFileType = sourcecode.c.objc; path = HBHandlebars.m; sourceTree = "<group>"; };
		065C287A17FA166C00894DD4 /* HBContextStack.h */ = {isa = PBXFileReference; fileEncoding = 4; lastKnownFileType = sourcecode.c.h; path = HBContextStack.h; sourceTree = "<group>"; };
		065C287B17FA166C00894DD4 /* HBContextStack.m */ = {isa = PBXFileReference; fileEncoding = 4; lastKnownFileType = sourcecode.c.objc; path = HBContextStack.m; sourceTree = "<group>"; };
		066AC1AE18E1B9B5000B5A53 /* HBTestData.m */ = {isa = PBXFileReference; fileEncoding = 4; lastKnownFileType = sourcecode.c.objc; path = HBTestData.m; sourceTree = "<group>"; };
		06743FB317FB572B001793F7 /* HBContextRendering.h */ = {isa = PBXFileReference; fileEncoding = 4; lastKnownFileType = sourcecode.c.h; path = HBContextRendering.h; sourceTree = "<group>"; };
		06743FB417FB572B001793F7 /* HBContextRendering.m */ = {isa = PBXFileReference; fileEncoding = 4; lastKnownFileType = sourcecode.c.objc; path = HBContextRendering.m; sourceTree = "<group>"; };
		06743FB718005CFB001793F7 /* HBBuiltinHelpersRegistry.h */ = {isa = PBXFileReference; fileEncoding = 4; lastKnownFileType = sourcecode.c.h; path = HBBuiltinHelpersRegistry.h; sourceTree = "<group>"; };
		06743FB818005CFB001793F7 /* HBBuiltinHelpersRegistry.m */ = {isa = PBXFileReference; fileEncoding = 4; lastKnownFileType = sourcecode.c.objc; path = HBBuiltinHelpersRegistry.m; sourceTree = "<group>"; };
		06798D2D17F5AFA900FC40D7 /* HBAstSimpleTag.h */ = {isa = PBXFileReference; fileEncoding = 4; lastKnownFileType = sourcecode.c.h; path = HBAstSimpleTag.h; sourceTree = "<group>"; };
		06798D2E17F5AFA900FC40D7 /* HBAstSimpleTag.m */ = {isa = PBXFileReference; fileEncoding = 4; lastKnownFileType = sourcecode.c.objc; path = HBAstSimpleTag.m; sourceTree = "<group>"; };
		06798D3117F5B6EF00FC40D7 /* HBAstBlock.h */ = {isa = PBXFileReference; fileEncoding = 4; lastKnownFileType = sourcecode.c.h; path = HBAstBlock.h; sourceTree = "<group>"; };
		06798D3217F5B6EF00FC40D7 /* HBAstBlock.m */ = {isa = PBXFileReference; fileEncoding = 4; lastKnownFileType = sourcecode.c.objc; path = HBAstBlock.m; sourceTree = "<group>"; };
		06798D3517F5B70200FC40D7 /* HBAstTag.h */ = {isa = PBXFileReference; fileEncoding = 4; lastKnownFileType = sourcecode.c.h; path = HBAstTag.h; sourceTree = "<group>"; };
		06798D3617F5B70200FC40D7 /* HBAstTag.m */ = {isa = PBXFileReference; fileEncoding = 4; lastKnownFileType = sourcecode.c.objc; path = HBAstTag.m; sourceTree = "<group>"; };
		06798D3917F5C5AE00FC40D7 /* HBAstPartialTag.h */ = {isa = PBXFileReference; fileEncoding = 4; lastKnownFileType = sourcecode.c.h; path = HBAstPartialTag.h; sourceTree = "<group>"; };
		06798D3A17F5C5AE00FC40D7 /* HBAstPartialTag.m */ = {isa = PBXFileReference; fileEncoding = 4; lastKnownFileType = sourcecode.c.objc; path = HBAstPartialTag.m; sourceTree = "<group>"; };
		06798D3F17F5CA3500FC40D7 /* HBAstContextualValue.h */ = {isa = PBXFileReference; fileEncoding = 4; lastKnownFileType = sourcecode.c.h; path = HBAstContextualValue.h; sourceTree = "<group>"; };
		06798D4017F5CA3500FC40D7 /* HBAstContextualValue.m */ = {isa = PBXFileReference; fileEncoding = 4; lastKnownFileType = sourcecode.c.objc; path = HBAstContextualValue.m; sourceTree = "<group>"; };
		06798D4117F5CA3500FC40D7 /* HBAstExpression.h */ = {isa = PBXFileReference; fileEncoding = 4; lastKnownFileType = sourcecode.c.h; path = HBAstExpression.h; sourceTree = "<group>"; };
		06798D4217F5CA3500FC40D7 /* HBAstExpression.m */ = {isa = PBXFileReference; fileEncoding = 4; lastKnownFileType = sourcecode.c.objc; path = HBAstExpression.m; sourceTree = "<group>"; };
		06798D4317F5CA3500FC40D7 /* HBAstKeyPathComponent.h */ = {isa = PBXFileReference; fileEncoding = 4; lastKnownFileType = sourcecode.c.h; path = HBAstKeyPathComponent.h; sourceTree = "<group>"; };
		06798D4417F5CA3500FC40D7 /* HBAstKeyPathComponent.m */ = {isa = PBXFileReference; fileEncoding = 4; lastKnownFileType = sourcecode.c.objc; path = HBAstKeyPathComponent.m; sourceTree = "<group>"; };
		06798D4517F5CA3500FC40D7 /* HBAstNumber.h */ = {isa = PBXFileReference; fileEncoding = 4; lastKnownFileType = sourcecode.c.h; path = HBAstNumber.h; sourceTree = "<group>"; };
		06798D4617F5CA3500FC40D7 /* HBAstNumber.m */ = {isa = PBXFileReference; fileEncoding = 4; lastKnownFileType = sourcecode.c.objc; path = HBAstNumber.m; sourceTree = "<group>"; };
		06798D4717F5CA3500FC40D7 /* HBAstString.h */ = {isa = PBXFileReference; fileEncoding = 4; lastKnownFileType = sourcecode.c.h; path = HBAstString.h; sourceTree = "<group>"; };
		06798D4817F5CA3500FC40D7 /* HBAstString.m */ = {isa = PBXFileReference; fileEncoding = 4; lastKnownFileType = sourcecode.c.objc; path = HBAstString.m; sourceTree = "<group>"; };
		06798D4917F5CA3500FC40D7 /* HBAstValue.h */ = {isa = PBXFileReference; fileEncoding = 4; lastKnownFileType = sourcecode.c.h; path = HBAstValue.h; sourceTree = "<group>"; };
		06798D4A17F5CA3500FC40D7 /* HBAstValue.m */ = {isa = PBXFileReference; fileEncoding = 4; lastKnownFileType = sourcecode.c.objc; path = HBAstValue.m; sourceTree = "<group>"; };
		06798D5B17F5D7AD00FC40D7 /* HBAstRawText.h */ = {isa = PBXFileReference; fileEncoding = 4; lastKnownFileType = sourcecode.c.h; path = HBAstRawText.h; sourceTree = "<group>"; };
		06798D5C17F5D7AD00FC40D7 /* HBAstRawText.m */ = {isa = PBXFileReference; fileEncoding = 4; lastKnownFileType = sourcecode.c.objc; path = HBAstRawText.m; sourceTree = "<group>"; };
		06798D6217F9A12A00FC40D7 /* HBAstEvaluationVisitor.h */ = {isa = PBXFileReference; fileEncoding = 4; lastKnownFileType = sourcecode.c.h; path = HBAstEvaluationVisitor.h; sourceTree = "<group>"; };
		06798D6317F9A12A00FC40D7 /* HBAstEvaluationVisitor.m */ = {isa = PBXFileReference; fileEncoding = 4; lastKnownFileType = sourcecode.c.objc; path = HBAstEvaluationVisitor.m; sourceTree = "<group>"; };
		06798D6717F9B22D00FC40D7 /* HBContextState.h */ = {isa = PBXFileReference; fileEncoding = 4; lastKnownFileType = sourcecode.c.h; path = HBContextState.h; sourceTree = "<group>"; };
		06798D6817F9B22D00FC40D7 /* HBContextState.m */ = {isa = PBXFileReference; fileEncoding = 4; lastKnownFileType = sourcecode.c.objc; path = HBContextState.m; sourceTree = "<group>"; };
		0698F02317FEC78A005203F6 /* HBHelperCallingInfo.h */ = {isa = PBXFileReference; fileEncoding = 4; lastKnownFileType = sourcecode.c.h; path = HBHelperCallingInfo.h; sourceTree = "<group>"; };
		0698F02417FEC78A005203F6 /* HBHelperCallingInfo.m */ = {isa = PBXFileReference; fileEncoding = 4; lastKnownFileType = sourcecode.c.objc; path = HBHelperCallingInfo.m; sourceTree = "<group>"; };
		0698F02717FED6D2005203F6 /* HBHelperCallingInfo_Private.h */ = {isa = PBXFileReference; lastKnownFileType = sourcecode.c.h; path = HBHelperCallingInfo_Private.h; sourceTree = "<group>"; };
		06A81A9517F86ECE0006F16A /* HBAstVisitor.h */ = {isa = PBXFileReference; fileEncoding = 4; lastKnownFileType = sourcecode.c.h; path = HBAstVisitor.h; sourceTree = "<group>"; };
		06A81A9617F86ECE0006F16A /* HBAstVisitor.m */ = {isa = PBXFileReference; fileEncoding = 4; lastKnownFileType = sourcecode.c.objc; path = HBAstVisitor.m; sourceTree = "<group>"; };
		06A81A9917F879240006F16A /* HBAstParserTestVisitor.h */ = {isa = PBXFileReference; fileEncoding = 4; lastKnownFileType = sourcecode.c.h; path = HBAstParserTestVisitor.h; sourceTree = "<group>"; };
		06A81A9A17F879240006F16A /* HBAstParserTestVisitor.m */ = {isa = PBXFileReference; fileEncoding = 4; lastKnownFileType = sourcecode.c.objc; path = HBAstParserTestVisitor.m; sourceTree = "<group>"; };
		06A81A9D17F87FFD0006F16A /* HBTestParser.m */ = {isa = PBXFileReference; fileEncoding = 4; lastKnownFileType = sourcecode.c.objc; path = HBTestParser.m; sourceTree = "<group>"; };
		06A81A9F17F8D3750006F16A /* HBAstComment.h */ = {isa = PBXFileReference; fileEncoding = 4; lastKnownFileType = sourcecode.c.h; path = HBAstComment.h; sourceTree = "<group>"; };
		06A81AA017F8D3750006F16A /* HBAstComment.m */ = {isa = PBXFileReference; fileEncoding = 4; lastKnownFileType = sourcecode.c.objc; path = HBAstComment.m; sourceTree = "<group>"; };
		06AAAF6118D7A03B001E2859 /* HBTestSubexpressions.m */ = {isa = PBXFileReference; fileEncoding = 4; lastKnownFileType = sourcecode.c.objc; path = HBTestSubexpressions.m; sourceTree = "<group>"; };
		06AB0B0F180BDA29005A7610 /* WritingHelpers.md */ = {isa = PBXFileReference; lastKnownFileType = text; path = WritingHelpers.md; sourceTree = "<group>"; };
		06AB0B11180BDA48005A7610 /* AppledocSettings.plist */ = {isa = PBXFileReference; lastKnownFileType = text.plist.xml; path = AppledocSettings.plist; sourceTree = "<group>"; };
		06AB0B12180BDA48005A7610 /* convert-js-test.rb */ = {isa = PBXFileReference; lastKnownFileType = text.script.ruby; path = "convert-js-test.rb"; sourceTree = "<group>"; };
		06AB0B13180BDA49005A7610 /* copy_public_headers.sh */ = {isa = PBXFileReference; lastKnownFileType = text.script.sh; path = copy_public_headers.sh; sourceTree = "<group>"; };
		06AB0B14180BDA49005A7610 /* generate_api_doc.sh */ = {isa = PBXFileReference; lastKnownFileType = text.script.sh; path = generate_api_doc.sh; sourceTree = "<group>"; };
		06C5F6F6180C722200AD9210 /* README.md */ = {isa = PBXFileReference; explicitFileType = text; name = README.md; path = ../README.md; sourceTree = "<group>"; };
		06D426B817FC554800C41476 /* HBTestHelpers.m */ = {isa = PBXFileReference; fileEncoding = 4; lastKnownFileType = sourcecode.c.objc; path = HBTestHelpers.m; sourceTree = "<group>"; };
		06D426BB17FC5E4200C41476 /* HBHelper.h */ = {isa = PBXFileReference; fileEncoding = 4; lastKnownFileType = sourcecode.c.h; path = HBHelper.h; sourceTree = "<group>"; };
		06D426BC17FC5E4200C41476 /* HBHelper.m */ = {isa = PBXFileReference; fileEncoding = 4; lastKnownFileType = sourcecode.c.objc; path = HBHelper.m; sourceTree = "<group>"; };
		06D426BF17FC62A000C41476 /* HBHelperRegistry.h */ = {isa = PBXFileReference; fileEncoding = 4; lastKnownFileType = sourcecode.c.h; path = HBHelperRegistry.h; sourceTree = "<group>"; };
		06D426C017FC62A000C41476 /* HBHelperRegistry.m */ = {isa = PBXFileReference; fileEncoding = 4; lastKnownFileType = sourcecode.c.objc; path = HBHelperRegistry.m; sourceTree = "<group>"; };
		06D4DBD5180B4E4700278279 /* HBHelperUtils.h */ = {isa = PBXFileReference; fileEncoding = 4; lastKnownFileType = sourcecode.c.h; path = HBHelperUtils.h; sourceTree = "<group>"; };
		06D4DBD6180B4E4700278279 /* HBHelperUtils.m */ = {isa = PBXFileReference; fileEncoding = 4; lastKnownFileType = sourcecode.c.objc; path = HBHelperUtils.m; sourceTree = "<group>"; };
		06E478F117FAC2CB0029C3D1 /* HBTestSimpleTags.m */ = {isa = PBXFileReference; fileEncoding = 4; lastKnownFileType = sourcecode.c.objc; path = HBTestSimpleTags.m; sourceTree = "<group>"; };
		06E478F317FAC84D0029C3D1 /* HBTestBuiltinBlockHelpers.m */ = {isa = PBXFileReference; fileEncoding = 4; lastKnownFileType = sourcecode.c.objc; path = HBTestBuiltinBlockHelpers.m; sourceTree = "<group>"; };
		06E478F517FAC87A0029C3D1 /* HBTestSimpleBlocks.m */ = {isa = PBXFileReference; fileEncoding = 4; lastKnownFileType = sourcecode.c.objc; path = HBTestSimpleBlocks.m; sourceTree = "<group>"; };
		06E4790817FC0CA90029C3D1 /* HBDataContext.h */ = {isa = PBXFileReference; fileEncoding = 4; lastKnownFileType = sourcecode.c.h; path = HBDataContext.h; sourceTree = "<group>"; };
		06E4790917FC0CA90029C3D1 /* HBDataContext.m */ = {isa = PBXFileReference; fileEncoding = 4; lastKnownFileType = sourcecode.c.objc; path = HBDataContext.m; sourceTree = "<group>"; };
		06F3BEE0180FD4C200D4447B /* ContextObjects.md */ = {isa = PBXFileReference; lastKnownFileType = text; path = ContextObjects.md; sourceTree = "<group>"; };
		06F3BEE1180FD4C200D4447B /* Installation.md */ = {isa = PBXFileReference; lastKnownFileType = text; path = Installation.md; sourceTree = "<group>"; };
		06F3BEE2180FD50800D4447B /* build_binary_distribution.sh */ = {isa = PBXFileReference; lastKnownFileType = text.script.sh; path = build_binary_distribution.sh; sourceTree = "<group>"; };
		06F3BEE3180FD50800D4447B /* generate_github_pages.sh */ = {isa = PBXFileReference; lastKnownFileType = text.script.sh; path = generate_github_pages.sh; sourceTree = "<group>"; };
		06F40AA1185F5E4300EC3463 /* HBTestExtraHelpersLibrary.m */ = {isa = PBXFileReference; fileEncoding = 4; lastKnownFileType = sourcecode.c.objc; path = HBTestExtraHelpersLibrary.m; sourceTree = "<group>"; };
		06F4933E1802D07F0055B5BC /* libhandlebars-objc-ios.a */ = {isa = PBXFileReference; explicitFileType = archive.ar; includeInIndex = 0; path = "libhandlebars-objc-ios.a"; sourceTree = BUILT_PRODUCTS_DIR; };
		06F4933F1802D07F0055B5BC /* Foundation.framework */ = {isa = PBXFileReference; lastKnownFileType = wrapper.framework; name = Foundation.framework; path = System/Library/Frameworks/Foundation.framework; sourceTree = SDKROOT; };
		06F4934C1802D07F0055B5BC /* handlebars-objc-iosTests.xctest */ = {isa = PBXFileReference; explicitFileType = wrapper.cfbundle; includeInIndex = 0; path = "handlebars-objc-iosTests.xctest"; sourceTree = BUILT_PRODUCTS_DIR; };
		06F4934F1802D07F0055B5BC /* UIKit.framework */ = {isa = PBXFileReference; lastKnownFileType = wrapper.framework; name = UIKit.framework; path = Library/Frameworks/UIKit.framework; sourceTree = DEVELOPER_DIR; };
		06F493B51802D59F0055B5BC /* handlebars-objc-ios-Prefix.pch */ = {isa = PBXFileReference; lastKnownFileType = sourcecode.c.h; path = "handlebars-objc-ios-Prefix.pch"; sourceTree = "<group>"; };
		06F601FD1812D0CD0019D9C1 /* HBExecutionContextDelegate.h */ = {isa = PBXFileReference; fileEncoding = 4; lastKnownFileType = sourcecode.c.h; path = HBExecutionContextDelegate.h; sourceTree = "<group>"; };
/* End PBXFileReference section */

/* Begin PBXFrameworksBuildPhase section */
		0630B18417F2EF9100EA7018 /* Frameworks */ = {
			isa = PBXFrameworksBuildPhase;
			buildActionMask = 2147483647;
			files = (
				0630B1C617F33CB700EA7018 /* libl.a in Frameworks */,
				0630B18C17F2EF9100EA7018 /* Cocoa.framework in Frameworks */,
			);
			runOnlyForDeploymentPostprocessing = 0;
		};
		0630B19C17F2EF9100EA7018 /* Frameworks */ = {
			isa = PBXFrameworksBuildPhase;
			buildActionMask = 2147483647;
			files = (
				0630B1A517F2EF9100EA7018 /* HBHandlebars.framework in Frameworks */,
				0630B1A217F2EF9100EA7018 /* Cocoa.framework in Frameworks */,
				0630B1A117F2EF9100EA7018 /* XCTest.framework in Frameworks */,
			);
			runOnlyForDeploymentPostprocessing = 0;
		};
		06F4933B1802D07F0055B5BC /* Frameworks */ = {
			isa = PBXFrameworksBuildPhase;
			buildActionMask = 2147483647;
			files = (
				06F493401802D07F0055B5BC /* Foundation.framework in Frameworks */,
			);
			runOnlyForDeploymentPostprocessing = 0;
		};
		06F493491802D07F0055B5BC /* Frameworks */ = {
			isa = PBXFrameworksBuildPhase;
			buildActionMask = 2147483647;
			files = (
				06E89C061802E24900A6F461 /* libhandlebars-objc-ios.a in Frameworks */,
				06F4934D1802D07F0055B5BC /* XCTest.framework in Frameworks */,
				06F493501802D07F0055B5BC /* UIKit.framework in Frameworks */,
				06F4934E1802D07F0055B5BC /* Foundation.framework in Frameworks */,
			);
			runOnlyForDeploymentPostprocessing = 0;
		};
/* End PBXFrameworksBuildPhase section */

/* Begin PBXGroup section */
		061ACE9B180C1B1100081763 /* errorHandling */ = {
			isa = PBXGroup;
			children = (
				061ACE9F180C1C8E00081763 /* HBErrorHandling.h */,
				061ACEA5180C209400081763 /* HBErrorHandling_Private.h */,
				061ACEA0180C1C8E00081763 /* HBErrorHandling.m */,
			);
			path = errorHandling;
			sourceTree = "<group>";
		};
		0630B17E17F2EF9100EA7018 = {
			isa = PBXGroup;
			children = (
				06C5F6F6180C722200AD9210 /* README.md */,
				06798D5F17F9A06900FC40D7 /* doc */,
				0630B19117F2EF9100EA7018 /* handlebars-objc */,
				0630B1A617F2EF9100EA7018 /* handlebars-objcTests */,
				0630B18A17F2EF9100EA7018 /* Frameworks */,
				0630B18917F2EF9100EA7018 /* Products */,
				06AB0B10180BDA48005A7610 /* utils */,
			);
			sourceTree = "<group>";
		};
		0630B18917F2EF9100EA7018 /* Products */ = {
			isa = PBXGroup;
			children = (
				0630B18817F2EF9100EA7018 /* HBHandlebars.framework */,
				0630B19F17F2EF9100EA7018 /* handlebars-objc-osx-tests.xctest */,
				06F4933E1802D07F0055B5BC /* libhandlebars-objc-ios.a */,
				06F4934C1802D07F0055B5BC /* handlebars-objc-iosTests.xctest */,
			);
			name = Products;
			sourceTree = "<group>";
		};
		0630B18A17F2EF9100EA7018 /* Frameworks */ = {
			isa = PBXGroup;
			children = (
				0630B1C517F33CB700EA7018 /* libl.a */,
				0630B18B17F2EF9100EA7018 /* Cocoa.framework */,
				0630B1A017F2EF9100EA7018 /* XCTest.framework */,
				06F4933F1802D07F0055B5BC /* Foundation.framework */,
				06F4934F1802D07F0055B5BC /* UIKit.framework */,
				0630B18D17F2EF9100EA7018 /* Other Frameworks */,
			);
			name = Frameworks;
			sourceTree = "<group>";
		};
		0630B18D17F2EF9100EA7018 /* Other Frameworks */ = {
			isa = PBXGroup;
			children = (
				0630B18E17F2EF9100EA7018 /* Foundation.framework */,
				0630B18F17F2EF9100EA7018 /* CoreData.framework */,
				0630B19017F2EF9100EA7018 /* AppKit.framework */,
			);
			name = "Other Frameworks";
			sourceTree = "<group>";
		};
		0630B19117F2EF9100EA7018 /* handlebars-objc */ = {
			isa = PBXGroup;
			children = (
				06556D9317FF178300070907 /* HBHandlebars.h */,
				06556D9417FF178300070907 /* HBHandlebars.m */,
				0630B1C717F33E8700EA7018 /* ast */,
				06A81A9417F86EAF0006F16A /* astVisitors */,
				06798D6617F9B1F800FC40D7 /* context */,
				061ACE9B180C1B1100081763 /* errorHandling */,
				06D426BA17FC5DDD00C41476 /* helpers */,
				0630B1B617F2EFE600EA7018 /* parser */,
				0698F01E17FEA5EF005203F6 /* partials */,
				06556D8817FF177700070907 /* runtime */,
				0630B19217F2EF9100EA7018 /* Supporting Files */,
			);
			path = "handlebars-objc";
			sourceTree = "<group>";
		};
		0630B19217F2EF9100EA7018 /* Supporting Files */ = {
			isa = PBXGroup;
			children = (
				0630B19317F2EF9100EA7018 /* handlebars-objc-Info.plist */,
				0630B19417F2EF9100EA7018 /* InfoPlist.strings */,
				0630B19717F2EF9100EA7018 /* handlebars-objc-Prefix.pch */,
				06F493B51802D59F0055B5BC /* handlebars-objc-ios-Prefix.pch */,
			);
			name = "Supporting Files";
			sourceTree = "<group>";
		};
		0630B1A617F2EF9100EA7018 /* handlebars-objcTests */ = {
			isa = PBXGroup;
			children = (
				0638A5C818D837130090D490 /* HBTestCase.h */,
				0638A5C918D837130090D490 /* HBTestCase.m */,
				060EEF59180D7BA8009F2C0A /* HBTestAccessToObjectProperties.m */,
				066AC1AE18E1B9B5000B5A53 /* HBTestData.m */,
				063452C61811DAC3003C0B7C /* HBTestExecutionContext.m */,
				06F40AA1185F5E4300EC3463 /* HBTestExtraHelpersLibrary.m */,
				061884E6182570B100D1012F /* HBTestEscaping.m */,
				06D426B817FC554800C41476 /* HBTestHelpers.m */,
				06A81A9D17F87FFD0006F16A /* HBTestParser.m */,
				06556D8617FF0B7600070907 /* HBTestPartials.m */,
				06E478F517FAC87A0029C3D1 /* HBTestSimpleBlocks.m */,
				06E478F117FAC2CB0029C3D1 /* HBTestSimpleTags.m */,
				06AAAF6118D7A03B001E2859 /* HBTestSubexpressions.m */,
				06E478F317FAC84D0029C3D1 /* HBTestBuiltinBlockHelpers.m */,
				06279A0418DF9A5300DB552E /* HBTestWhitespaceControl.m */,
				0630B1A717F2EF9100EA7018 /* Supporting Files */,
			);
			path = "handlebars-objcTests";
			sourceTree = "<group>";
		};
		0630B1A717F2EF9100EA7018 /* Supporting Files */ = {
			isa = PBXGroup;
			children = (
				0630B1A817F2EF9100EA7018 /* handlebars-objcTests-Info.plist */,
				0630B1A917F2EF9100EA7018 /* InfoPlist.strings */,
			);
			name = "Supporting Files";
			sourceTree = "<group>";
		};
		0630B1B617F2EFE600EA7018 /* parser */ = {
			isa = PBXGroup;
			children = (
				0630B1BA17F2EFE600EA7018 /* handlebars-objc.lm */,
				0630B1BB17F2EFE600EA7018 /* handlebars-objc.ym */,
				0630B1D717F466B800EA7018 /* HBParser.h */,
				0630B1D817F466B800EA7018 /* HBParser.m */,
			);
			path = parser;
			sourceTree = "<group>";
		};
		0630B1C717F33E8700EA7018 /* ast */ = {
			isa = PBXGroup;
			children = (
				0630B1D617F4265000EA7018 /* HBAst.h */,
				06798D3117F5B6EF00FC40D7 /* HBAstBlock.h */,
				06798D3217F5B6EF00FC40D7 /* HBAstBlock.m */,
				06A81A9F17F8D3750006F16A /* HBAstComment.h */,
				06A81AA017F8D3750006F16A /* HBAstComment.m */,
				0630B1C817F33EB500EA7018 /* HBAstNode.h */,
				0630B1C917F33EB500EA7018 /* HBAstNode.m */,
				06798D3917F5C5AE00FC40D7 /* HBAstPartialTag.h */,
				06798D3A17F5C5AE00FC40D7 /* HBAstPartialTag.m */,
				0630B1CC17F33EDA00EA7018 /* HBAstProgram.h */,
				0630B1CD17F33EDA00EA7018 /* HBAstProgram.m */,
				06798D5B17F5D7AD00FC40D7 /* HBAstRawText.h */,
				06798D5C17F5D7AD00FC40D7 /* HBAstRawText.m */,
				06798D2D17F5AFA900FC40D7 /* HBAstSimpleTag.h */,
				06798D2E17F5AFA900FC40D7 /* HBAstSimpleTag.m */,
				06798D3517F5B70200FC40D7 /* HBAstTag.h */,
				06798D3617F5B70200FC40D7 /* HBAstTag.m */,
				06798D3E17F5CA3500FC40D7 /* expression */,
			);
			path = ast;
			sourceTree = "<group>";
		};
		06556D8817FF177700070907 /* runtime */ = {
			isa = PBXGroup;
			children = (
				061884DD18205AD300D1012F /* HBEscapingFunctions.h */,
				061884DE18205AD300D1012F /* HBEscapingFunctions.m */,
				06556D8917FF177700070907 /* HBExecutionContext.h */,
				061884E3182565FA00D1012F /* HBExecutionContext_Private.h */,
				06556D8A17FF177700070907 /* HBExecutionContext.m */,
				06F601FD1812D0CD0019D9C1 /* HBExecutionContextDelegate.h */,
				06556D8B17FF177700070907 /* HBTemplate.h */,
				06556D8C17FF177700070907 /* HBTemplate.m */,
				06556D8D17FF177700070907 /* HBTemplate_Private.h */,
			);
			path = runtime;
			sourceTree = "<group>";
		};
		06798D3E17F5CA3500FC40D7 /* expression */ = {
			isa = PBXGroup;
			children = (
				06798D3F17F5CA3500FC40D7 /* HBAstContextualValue.h */,
				06798D4017F5CA3500FC40D7 /* HBAstContextualValue.m */,
				06798D4117F5CA3500FC40D7 /* HBAstExpression.h */,
				06798D4217F5CA3500FC40D7 /* HBAstExpression.m */,
				06798D4317F5CA3500FC40D7 /* HBAstKeyPathComponent.h */,
				06798D4417F5CA3500FC40D7 /* HBAstKeyPathComponent.m */,
				06798D4517F5CA3500FC40D7 /* HBAstNumber.h */,
				06798D4617F5CA3500FC40D7 /* HBAstNumber.m */,
				06798D4717F5CA3500FC40D7 /* HBAstString.h */,
				06798D4817F5CA3500FC40D7 /* HBAstString.m */,
				06798D4917F5CA3500FC40D7 /* HBAstValue.h */,
				06798D4A17F5CA3500FC40D7 /* HBAstValue.m */,
				06279A0718E0CFF000DB552E /* HBAstParametersHash.h */,
				06279A0818E0CFF000DB552E /* HBAstParametersHash.m */,
			);
			path = expression;
			sourceTree = "<group>";
		};
		06798D5F17F9A06900FC40D7 /* doc */ = {
			isa = PBXGroup;
			children = (
				06F3BEE1180FD4C200D4447B /* Installation.md */,
				06F3BEE0180FD4C200D4447B /* ContextObjects.md */,
				06AB0B0F180BDA29005A7610 /* WritingHelpers.md */,
			);
			name = doc;
			path = ../doc;
			sourceTree = "<group>";
		};
		06798D6617F9B1F800FC40D7 /* context */ = {
			isa = PBXGroup;
			children = (
				065C287A17FA166C00894DD4 /* HBContextStack.h */,
				065C287B17FA166C00894DD4 /* HBContextStack.m */,
				06798D6717F9B22D00FC40D7 /* HBContextState.h */,
				06798D6817F9B22D00FC40D7 /* HBContextState.m */,
				06743FB317FB572B001793F7 /* HBContextRendering.h */,
				06743FB417FB572B001793F7 /* HBContextRendering.m */,
				06E4790817FC0CA90029C3D1 /* HBDataContext.h */,
				06E4790917FC0CA90029C3D1 /* HBDataContext.m */,
				060EEF53180D7460009F2C0A /* HBObjectPropertyAccess.h */,
				060EEF54180D7460009F2C0A /* HBObjectPropertyAccess.m */,
				06345247180F45EE003C0B7C /* HBHandlebarsKVCValidation.h */,
			);
			path = context;
			sourceTree = "<group>";
		};
		0698F01E17FEA5EF005203F6 /* partials */ = {
			isa = PBXGroup;
			children = (
				06556D7D17FEFB0C00070907 /* HBPartial.h */,
				06556D8517FF00AF00070907 /* HBPartial_Private.h */,
				06556D7E17FEFB0C00070907 /* HBPartial.m */,
				06556D8117FEFB7C00070907 /* HBPartialRegistry.h */,
				06556D8217FEFB7C00070907 /* HBPartialRegistry.m */,
			);
			path = partials;
			sourceTree = "<group>";
		};
		06A81A9417F86EAF0006F16A /* astVisitors */ = {
			isa = PBXGroup;
			children = (
				06A81A9517F86ECE0006F16A /* HBAstVisitor.h */,
				06A81A9617F86ECE0006F16A /* HBAstVisitor.m */,
				06A81A9917F879240006F16A /* HBAstParserTestVisitor.h */,
				06A81A9A17F879240006F16A /* HBAstParserTestVisitor.m */,
				06798D6217F9A12A00FC40D7 /* HBAstEvaluationVisitor.h */,
				06798D6317F9A12A00FC40D7 /* HBAstEvaluationVisitor.m */,
				062799FE18DF49BF00DB552E /* HBAstParserPostprocessingVisitor.h */,
				062799FF18DF49BF00DB552E /* HBAstParserPostprocessingVisitor.m */,
			);
			path = astVisitors;
			sourceTree = "<group>";
		};
		06AB0B10180BDA48005A7610 /* utils */ = {
			isa = PBXGroup;
			children = (
				06AB0B11180BDA48005A7610 /* AppledocSettings.plist */,
				06AB0B12180BDA48005A7610 /* convert-js-test.rb */,
				06AB0B13180BDA49005A7610 /* copy_public_headers.sh */,
				06AB0B14180BDA49005A7610 /* generate_api_doc.sh */,
				06F3BEE2180FD50800D4447B /* build_binary_distribution.sh */,
				06F3BEE3180FD50800D4447B /* generate_github_pages.sh */,
				063FE3F618E420DA002F6738 /* travis-tests.sh */,
			);
			path = utils;
			sourceTree = "<group>";
		};
		06D426BA17FC5DDD00C41476 /* helpers */ = {
			isa = PBXGroup;
			children = (
				063FE3F718EDA51B002F6738 /* HBEscapedString.h */,
				063FE3FD18EDB430002F6738 /* HBEscapedString_Private.h */,
				063FE3F818EDA51B002F6738 /* HBEscapedString.m */,
				06D426BB17FC5E4200C41476 /* HBHelper.h */,
				06D426BC17FC5E4200C41476 /* HBHelper.m */,
				0698F02317FEC78A005203F6 /* HBHelperCallingInfo.h */,
				0698F02717FED6D2005203F6 /* HBHelperCallingInfo_Private.h */,
				0698F02417FEC78A005203F6 /* HBHelperCallingInfo.m */,
				06D426BF17FC62A000C41476 /* HBHelperRegistry.h */,
				06D426C017FC62A000C41476 /* HBHelperRegistry.m */,
				06D4DBD5180B4E4700278279 /* HBHelperUtils.h */,
				06D4DBD6180B4E4700278279 /* HBHelperUtils.m */,
				06743FB718005CFB001793F7 /* HBBuiltinHelpersRegistry.h */,
				06743FB818005CFB001793F7 /* HBBuiltinHelpersRegistry.m */,
			);
			path = helpers;
			sourceTree = "<group>";
		};
/* End PBXGroup section */

/* Begin PBXHeadersBuildPhase section */
		0630B18517F2EF9100EA7018 /* Headers */ = {
			isa = PBXHeadersBuildPhase;
			buildActionMask = 2147483647;
			files = (
				06798D4F17F5CA3500FC40D7 /* HBAstKeyPathComponent.h in Headers */,
				06279A0918E0CFF000DB552E /* HBAstParametersHash.h in Headers */,
				06798D3B17F5C5AE00FC40D7 /* HBAstPartialTag.h in Headers */,
				06556D9217FF177700070907 /* HBTemplate_Private.h in Headers */,
				0630B1CE17F33EDA00EA7018 /* HBAstProgram.h in Headers */,
				065C287C17FA166C00894DD4 /* HBContextStack.h in Headers */,
				06556D7F17FEFB0C00070907 /* HBPartial.h in Headers */,
				0630B1CA17F33EB500EA7018 /* HBAstNode.h in Headers */,
				06D426BD17FC5E4200C41476 /* HBHelper.h in Headers */,
				06798D4B17F5CA3500FC40D7 /* HBAstContextualValue.h in Headers */,
				06798D2F17F5AFA900FC40D7 /* HBAstSimpleTag.h in Headers */,
				06556D8E17FF177700070907 /* HBExecutionContext.h in Headers */,
				06F601FE1812D0CD0019D9C1 /* HBExecutionContextDelegate.h in Headers */,
				06798D5117F5CA3500FC40D7 /* HBAstNumber.h in Headers */,
				06798D5517F5CA3500FC40D7 /* HBAstValue.h in Headers */,
				063FE3F918EDA51B002F6738 /* HBEscapedString.h in Headers */,
				063FE3FE18EDB430002F6738 /* HBEscapedString_Private.h in Headers */,
				0698F02517FEC78A005203F6 /* HBHelperCallingInfo.h in Headers */,
				06556D9017FF177700070907 /* HBTemplate.h in Headers */,
				06798D3317F5B6EF00FC40D7 /* HBAstBlock.h in Headers */,
				0630B1D917F466B800EA7018 /* HBParser.h in Headers */,
				06279A0018DF49BF00DB552E /* HBAstParserPostprocessingVisitor.h in Headers */,
				06798D4D17F5CA3500FC40D7 /* HBAstExpression.h in Headers */,
				06798D5317F5CA3500FC40D7 /* HBAstString.h in Headers */,
				06D426C117FC62A000C41476 /* HBHelperRegistry.h in Headers */,
				06798D6917F9B22D00FC40D7 /* HBContextState.h in Headers */,
				06798D5D17F5D7AD00FC40D7 /* HBAstRawText.h in Headers */,
				06345249180F473C003C0B7C /* HBHandlebarsKVCValidation.h in Headers */,
				06A81A9B17F879240006F16A /* HBAstParserTestVisitor.h in Headers */,
				06743FB517FB572B001793F7 /* HBContextRendering.h in Headers */,
				06798D6417F9A12A00FC40D7 /* HBAstEvaluationVisitor.h in Headers */,
				06D4DBD7180B4E4700278279 /* HBHelperUtils.h in Headers */,
				06A81AA117F8D3750006F16A /* HBAstComment.h in Headers */,
				061884E51825661200D1012F /* HBExecutionContext_Private.h in Headers */,
				06A81A9717F86ECE0006F16A /* HBAstVisitor.h in Headers */,
				061884DF18205AD300D1012F /* HBEscapingFunctions.h in Headers */,
				06556D9517FF178300070907 /* HBHandlebars.h in Headers */,
				06E4790A17FC0CA90029C3D1 /* HBDataContext.h in Headers */,
				060EEF55180D7460009F2C0A /* HBObjectPropertyAccess.h in Headers */,
				06743FB918005CFB001793F7 /* HBBuiltinHelpersRegistry.h in Headers */,
				06798D3717F5B70200FC40D7 /* HBAstTag.h in Headers */,
				061ACEA1180C1C8E00081763 /* HBErrorHandling.h in Headers */,
				06556D8317FEFB7C00070907 /* HBPartialRegistry.h in Headers */,
			);
			runOnlyForDeploymentPostprocessing = 0;
		};
		06F493831802D1640055B5BC /* Headers */ = {
			isa = PBXHeadersBuildPhase;
			buildActionMask = 2147483647;
			files = (
				06F493891802D1820055B5BC /* HBPartial.h in Headers */,
				06F4938C1802D1820055B5BC /* HBTemplate.h in Headers */,
				06279A0118DF49BF00DB552E /* HBAstParserPostprocessingVisitor.h in Headers */,
				063FE3FA18EDA51B002F6738 /* HBEscapedString.h in Headers */,
				06279A0A18E0CFF000DB552E /* HBAstParametersHash.h in Headers */,
				060EEF56180D7460009F2C0A /* HBObjectPropertyAccess.h in Headers */,
				06D4DBD8180B4E4700278279 /* HBHelperUtils.h in Headers */,
				061884E018205AD300D1012F /* HBEscapingFunctions.h in Headers */,
				06F601FF1812D0CD0019D9C1 /* HBExecutionContextDelegate.h in Headers */,
				06F493851802D1820055B5BC /* HBDataContext.h in Headers */,
				06F493881802D1820055B5BC /* HBHelperRegistry.h in Headers */,
				06F493861802D1820055B5BC /* HBHelper.h in Headers */,
				061ACEA2180C1C8E00081763 /* HBErrorHandling.h in Headers */,
				06F4938A1802D1820055B5BC /* HBPartialRegistry.h in Headers */,
				061884E41825660000D1012F /* HBExecutionContext_Private.h in Headers */,
				06F4938B1802D1820055B5BC /* HBExecutionContext.h in Headers */,
				06F493841802D1820055B5BC /* HBHandlebars.h in Headers */,
				063FE3FF18EDB430002F6738 /* HBEscapedString_Private.h in Headers */,
				06F493871802D1820055B5BC /* HBHelperCallingInfo.h in Headers */,
			);
			runOnlyForDeploymentPostprocessing = 0;
		};
/* End PBXHeadersBuildPhase section */

/* Begin PBXNativeTarget section */
		0630B18717F2EF9100EA7018 /* handlebars-objc-osx */ = {
			isa = PBXNativeTarget;
			buildConfigurationList = 0630B1B017F2EF9100EA7018 /* Build configuration list for PBXNativeTarget "handlebars-objc-osx" */;
			buildPhases = (
				0630B18317F2EF9100EA7018 /* Sources */,
				0630B18417F2EF9100EA7018 /* Frameworks */,
				0630B18517F2EF9100EA7018 /* Headers */,
				0630B18617F2EF9100EA7018 /* Resources */,
			);
			buildRules = (
			);
			dependencies = (
			);
			name = "handlebars-objc-osx";
			productName = "handlebars-objc";
			productReference = 0630B18817F2EF9100EA7018 /* HBHandlebars.framework */;
			productType = "com.apple.product-type.framework";
		};
		0630B19E17F2EF9100EA7018 /* handlebars-objc-osx-tests */ = {
			isa = PBXNativeTarget;
			buildConfigurationList = 0630B1B317F2EF9100EA7018 /* Build configuration list for PBXNativeTarget "handlebars-objc-osx-tests" */;
			buildPhases = (
				0630B19B17F2EF9100EA7018 /* Sources */,
				0630B19C17F2EF9100EA7018 /* Frameworks */,
				0630B19D17F2EF9100EA7018 /* Resources */,
			);
			buildRules = (
			);
			dependencies = (
				0630B1A417F2EF9100EA7018 /* PBXTargetDependency */,
			);
			name = "handlebars-objc-osx-tests";
			productName = "handlebars-objcTests";
			productReference = 0630B19F17F2EF9100EA7018 /* handlebars-objc-osx-tests.xctest */;
			productType = "com.apple.product-type.bundle.unit-test";
		};
		06F4933D1802D07F0055B5BC /* handlebars-objc-ios */ = {
			isa = PBXNativeTarget;
			buildConfigurationList = 06F4935C1802D0800055B5BC /* Build configuration list for PBXNativeTarget "handlebars-objc-ios" */;
			buildPhases = (
				06F4933A1802D07F0055B5BC /* Sources */,
				06F4933B1802D07F0055B5BC /* Frameworks */,
				06F4933C1802D07F0055B5BC /* CopyFiles */,
				06F493831802D1640055B5BC /* Headers */,
				067A65FD18040AEA008A3B8E /* ShellScript */,
			);
			buildRules = (
			);
			dependencies = (
			);
			name = "handlebars-objc-ios";
			productName = "handlebars-objc-ios";
			productReference = 06F4933E1802D07F0055B5BC /* libhandlebars-objc-ios.a */;
			productType = "com.apple.product-type.library.static";
		};
		06F4934B1802D07F0055B5BC /* handlebars-objc-iosTests */ = {
			isa = PBXNativeTarget;
			buildConfigurationList = 06F4935F1802D0800055B5BC /* Build configuration list for PBXNativeTarget "handlebars-objc-iosTests" */;
			buildPhases = (
				06F493481802D07F0055B5BC /* Sources */,
				06F493491802D07F0055B5BC /* Frameworks */,
				06F4934A1802D07F0055B5BC /* Resources */,
			);
			buildRules = (
			);
			dependencies = (
				06F493521802D07F0055B5BC /* PBXTargetDependency */,
			);
			name = "handlebars-objc-iosTests";
			productName = "handlebars-objc-iosTests";
			productReference = 06F4934C1802D07F0055B5BC /* handlebars-objc-iosTests.xctest */;
			productType = "com.apple.product-type.bundle.unit-test";
		};
/* End PBXNativeTarget section */

/* Begin PBXProject section */
		0630B17F17F2EF9100EA7018 /* Project object */ = {
			isa = PBXProject;
			attributes = {
				LastUpgradeCheck = 0500;
				ORGANIZATIONNAME = Fotonauts;
				TargetAttributes = {
					0630B19E17F2EF9100EA7018 = {
						TestTargetID = 0630B18717F2EF9100EA7018;
					};
					06F4934B1802D07F0055B5BC = {
						TestTargetID = 06F4933D1802D07F0055B5BC;
					};
				};
			};
			buildConfigurationList = 0630B18217F2EF9100EA7018 /* Build configuration list for PBXProject "handlebars-objc" */;
			compatibilityVersion = "Xcode 3.2";
			developmentRegion = English;
			hasScannedForEncodings = 0;
			knownRegions = (
				en,
			);
			mainGroup = 0630B17E17F2EF9100EA7018;
			productRefGroup = 0630B18917F2EF9100EA7018 /* Products */;
			projectDirPath = "";
			projectRoot = "";
			targets = (
				0630B18717F2EF9100EA7018 /* handlebars-objc-osx */,
				0630B19E17F2EF9100EA7018 /* handlebars-objc-osx-tests */,
				06F4933D1802D07F0055B5BC /* handlebars-objc-ios */,
				06F4934B1802D07F0055B5BC /* handlebars-objc-iosTests */,
			);
		};
/* End PBXProject section */

/* Begin PBXResourcesBuildPhase section */
		0630B18617F2EF9100EA7018 /* Resources */ = {
			isa = PBXResourcesBuildPhase;
			buildActionMask = 2147483647;
			files = (
				0630B19617F2EF9100EA7018 /* InfoPlist.strings in Resources */,
			);
			runOnlyForDeploymentPostprocessing = 0;
		};
		0630B19D17F2EF9100EA7018 /* Resources */ = {
			isa = PBXResourcesBuildPhase;
			buildActionMask = 2147483647;
			files = (
				0630B1AB17F2EF9100EA7018 /* InfoPlist.strings in Resources */,
			);
			runOnlyForDeploymentPostprocessing = 0;
		};
		06F4934A1802D07F0055B5BC /* Resources */ = {
			isa = PBXResourcesBuildPhase;
			buildActionMask = 2147483647;
			files = (
			);
			runOnlyForDeploymentPostprocessing = 0;
		};
/* End PBXResourcesBuildPhase section */

/* Begin PBXShellScriptBuildPhase section */
		067A65FD18040AEA008A3B8E /* ShellScript */ = {
			isa = PBXShellScriptBuildPhase;
			buildActionMask = 2147483647;
			files = (
			);
			inputPaths = (
			);
			outputPaths = (
			);
			runOnlyForDeploymentPostprocessing = 0;
			shellPath = /bin/sh;
			shellScript = "echo \"Copying headers where XCode will find them\"\n\nS_DST_ROOT=\"$TEMP_ROOT/Headers/HBHandlebars\"\nmkdir -p \"$S_DST_ROOT\"\n\n\"$SOURCE_ROOT/utils/copy_public_headers.sh\" \"$S_DST_ROOT\"\n";
		};
/* End PBXShellScriptBuildPhase section */

/* Begin PBXSourcesBuildPhase section */
		0630B18317F2EF9100EA7018 /* Sources */ = {
			isa = PBXSourcesBuildPhase;
			buildActionMask = 2147483647;
			files = (
				06556D9117FF177700070907 /* HBTemplate.m in Sources */,
				06798D6A17F9B22D00FC40D7 /* HBContextState.m in Sources */,
				063FE3FB18EDA51B002F6738 /* HBEscapedString.m in Sources */,
				06A81A9817F86ECE0006F16A /* HBAstVisitor.m in Sources */,
				06798D6517F9A12A00FC40D7 /* HBAstEvaluationVisitor.m in Sources */,
				0630B1DA17F466B800EA7018 /* HBParser.m in Sources */,
				06D426C217FC62A000C41476 /* HBHelperRegistry.m in Sources */,
				06798D5417F5CA3500FC40D7 /* HBAstString.m in Sources */,
				06556D9617FF178300070907 /* HBHandlebars.m in Sources */,
				06798D4C17F5CA3500FC40D7 /* HBAstContextualValue.m in Sources */,
				065C287D17FA166C00894DD4 /* HBContextStack.m in Sources */,
				06A81A9C17F879240006F16A /* HBAstParserTestVisitor.m in Sources */,
				0698F02617FEC78A005203F6 /* HBHelperCallingInfo.m in Sources */,
				061884E118205AD300D1012F /* HBEscapingFunctions.m in Sources */,
				06743FBA18005CFB001793F7 /* HBBuiltinHelpersRegistry.m in Sources */,
				06798D3817F5B70200FC40D7 /* HBAstTag.m in Sources */,
				06556D8017FEFB0C00070907 /* HBPartial.m in Sources */,
				060EEF57180D7460009F2C0A /* HBObjectPropertyAccess.m in Sources */,
				06798D5E17F5D7AD00FC40D7 /* HBAstRawText.m in Sources */,
				0630B1C217F2EFE600EA7018 /* handlebars-objc.ym in Sources */,
				06D4DBD9180B4E4700278279 /* HBHelperUtils.m in Sources */,
				06E4790B17FC0CA90029C3D1 /* HBDataContext.m in Sources */,
				0630B1C117F2EFE600EA7018 /* handlebars-objc.lm in Sources */,
				06279A0B18E0CFF000DB552E /* HBAstParametersHash.m in Sources */,
				06798D5617F5CA3500FC40D7 /* HBAstValue.m in Sources */,
				06279A0218DF49BF00DB552E /* HBAstParserPostprocessingVisitor.m in Sources */,
				06798D3C17F5C5AE00FC40D7 /* HBAstPartialTag.m in Sources */,
				06A81AA217F8D3750006F16A /* HBAstComment.m in Sources */,
				061ACEA3180C1C8E00081763 /* HBErrorHandling.m in Sources */,
				06798D5017F5CA3500FC40D7 /* HBAstKeyPathComponent.m in Sources */,
				06D426BE17FC5E4200C41476 /* HBHelper.m in Sources */,
				06743FB617FB572B001793F7 /* HBContextRendering.m in Sources */,
				0630B1CB17F33EB500EA7018 /* HBAstNode.m in Sources */,
				0630B1CF17F33EDA00EA7018 /* HBAstProgram.m in Sources */,
				06798D5217F5CA3500FC40D7 /* HBAstNumber.m in Sources */,
				06798D3017F5AFA900FC40D7 /* HBAstSimpleTag.m in Sources */,
				06556D8F17FF177700070907 /* HBExecutionContext.m in Sources */,
				06798D4E17F5CA3500FC40D7 /* HBAstExpression.m in Sources */,
				06798D3417F5B6EF00FC40D7 /* HBAstBlock.m in Sources */,
				06556D8417FEFB7C00070907 /* HBPartialRegistry.m in Sources */,
			);
			runOnlyForDeploymentPostprocessing = 0;
		};
		0630B19B17F2EF9100EA7018 /* Sources */ = {
			isa = PBXSourcesBuildPhase;
			buildActionMask = 2147483647;
			files = (
				06E478F417FAC84D0029C3D1 /* HBTestBuiltinBlockHelpers.m in Sources */,
				06AAAF6218D7A03B001E2859 /* HBTestSubexpressions.m in Sources */,
				060EEF5A180D7BA8009F2C0A /* HBTestAccessToObjectProperties.m in Sources */,
				06556D8717FF0B7600070907 /* HBTestPartials.m in Sources */,
				06E478F617FAC87A0029C3D1 /* HBTestSimpleBlocks.m in Sources */,
				06E478F217FAC2CB0029C3D1 /* HBTestSimpleTags.m in Sources */,
				06D426C317FC6CC500C41476 /* HBTestHelpers.m in Sources */,
				066AC1AF18E1B9B5000B5A53 /* HBTestData.m in Sources */,
				06F40AA2185F5E4300EC3463 /* HBTestExtraHelpersLibrary.m in Sources */,
				063FA2941812D61A004FBA94 /* HBTestExecutionContext.m in Sources */,
				0638A5CA18D837130090D490 /* HBTestCase.m in Sources */,
				06A81A9E17F87FFD0006F16A /* HBTestParser.m in Sources */,
				061884E7182570B100D1012F /* HBTestEscaping.m in Sources */,
				06279A0518DF9A5300DB552E /* HBTestWhitespaceControl.m in Sources */,
			);
			runOnlyForDeploymentPostprocessing = 0;
		};
		06F4933A1802D07F0055B5BC /* Sources */ = {
			isa = PBXSourcesBuildPhase;
			buildActionMask = 2147483647;
			files = (
				06F493791802D1500055B5BC /* HBHelperCallingInfo.m in Sources */,
				06F493751802D1500055B5BC /* HBContextState.m in Sources */,
				063FE3FC18EDA51B002F6738 /* HBEscapedString.m in Sources */,
				06F4937A1802D1500055B5BC /* HBHelperRegistry.m in Sources */,
				06F493771802D1500055B5BC /* HBDataContext.m in Sources */,
				06F4937C1802D1500055B5BC /* handlebars-objc.lm in Sources */,
				06F493711802D1500055B5BC /* HBAstVisitor.m in Sources */,
				06F4937D1802D1500055B5BC /* handlebars-objc.ym in Sources */,
				06F493821802D1500055B5BC /* HBTemplate.m in Sources */,
				06F493651802D1500055B5BC /* HBAstNode.m in Sources */,
				06F4936F1802D1500055B5BC /* HBAstString.m in Sources */,
				06F4936B1802D1500055B5BC /* HBAstContextualValue.m in Sources */,
				06F493721802D1500055B5BC /* HBAstParserTestVisitor.m in Sources */,
				061884E218205AD300D1012F /* HBEscapingFunctions.m in Sources */,
				06F4936A1802D1500055B5BC /* HBAstTag.m in Sources */,
				06F4937F1802D1500055B5BC /* HBPartial.m in Sources */,
				06F493671802D1500055B5BC /* HBAstProgram.m in Sources */,
				060EEF58180D7460009F2C0A /* HBObjectPropertyAccess.m in Sources */,
				06F493681802D1500055B5BC /* HBAstRawText.m in Sources */,
				06F493741802D1500055B5BC /* HBContextStack.m in Sources */,
				06D4DBDA180B4E4700278279 /* HBHelperUtils.m in Sources */,
				06F493701802D1500055B5BC /* HBAstValue.m in Sources */,
				06F493811802D1500055B5BC /* HBExecutionContext.m in Sources */,
				06279A0C18E0CFF000DB552E /* HBAstParametersHash.m in Sources */,
				06F493631802D1500055B5BC /* HBAstBlock.m in Sources */,
				06279A0318DF49BF00DB552E /* HBAstParserPostprocessingVisitor.m in Sources */,
				06F4936D1802D1500055B5BC /* HBAstKeyPathComponent.m in Sources */,
				06F493691802D1500055B5BC /* HBAstSimpleTag.m in Sources */,
				061ACEA4180C1C8E00081763 /* HBErrorHandling.m in Sources */,
				06F4937E1802D1500055B5BC /* HBParser.m in Sources */,
				06F4936E1802D1500055B5BC /* HBAstNumber.m in Sources */,
				06F493641802D1500055B5BC /* HBAstComment.m in Sources */,
				06F493621802D1500055B5BC /* HBHandlebars.m in Sources */,
				06F4937B1802D1500055B5BC /* HBBuiltinHelpersRegistry.m in Sources */,
				06F493761802D1500055B5BC /* HBContextRendering.m in Sources */,
				06F493731802D1500055B5BC /* HBAstEvaluationVisitor.m in Sources */,
				06F4936C1802D1500055B5BC /* HBAstExpression.m in Sources */,
				06F493661802D1500055B5BC /* HBAstPartialTag.m in Sources */,
				06F493801802D1500055B5BC /* HBPartialRegistry.m in Sources */,
				06F493781802D1500055B5BC /* HBHelper.m in Sources */,
			);
			runOnlyForDeploymentPostprocessing = 0;
		};
		06F493481802D07F0055B5BC /* Sources */ = {
			isa = PBXSourcesBuildPhase;
			buildActionMask = 2147483647;
			files = (
				06F493B71802D75E0055B5BC /* HBTestParser.m in Sources */,
				06AAAF6318D7A03B001E2859 /* HBTestSubexpressions.m in Sources */,
				060EEF5B180D7BA8009F2C0A /* HBTestAccessToObjectProperties.m in Sources */,
				06F493B91802D75E0055B5BC /* HBTestSimpleBlocks.m in Sources */,
				06F493B81802D75E0055B5BC /* HBTestPartials.m in Sources */,
				06F493BB1802D75E0055B5BC /* HBTestBuiltinBlockHelpers.m in Sources */,
				06F493BA1802D75E0055B5BC /* HBTestSimpleTags.m in Sources */,
				066AC1B018E1B9B5000B5A53 /* HBTestData.m in Sources */,
				06F40AA3185F5E4300EC3463 /* HBTestExtraHelpersLibrary.m in Sources */,
				063452C81811DAC3003C0B7C /* HBTestExecutionContext.m in Sources */,
				0638A5CB18D837130090D490 /* HBTestCase.m in Sources */,
				06F493B61802D75E0055B5BC /* HBTestHelpers.m in Sources */,
				061884E8182570B100D1012F /* HBTestEscaping.m in Sources */,
				06279A0618DF9A5300DB552E /* HBTestWhitespaceControl.m in Sources */,
			);
			runOnlyForDeploymentPostprocessing = 0;
		};
/* End PBXSourcesBuildPhase section */

/* Begin PBXTargetDependency section */
		0630B1A417F2EF9100EA7018 /* PBXTargetDependency */ = {
			isa = PBXTargetDependency;
			target = 0630B18717F2EF9100EA7018 /* handlebars-objc-osx */;
			targetProxy = 0630B1A317F2EF9100EA7018 /* PBXContainerItemProxy */;
		};
		06F493521802D07F0055B5BC /* PBXTargetDependency */ = {
			isa = PBXTargetDependency;
			target = 06F4933D1802D07F0055B5BC /* handlebars-objc-ios */;
			targetProxy = 06F493511802D07F0055B5BC /* PBXContainerItemProxy */;
		};
/* End PBXTargetDependency section */

/* Begin PBXVariantGroup section */
		0630B19417F2EF9100EA7018 /* InfoPlist.strings */ = {
			isa = PBXVariantGroup;
			children = (
				0630B19517F2EF9100EA7018 /* en */,
			);
			name = InfoPlist.strings;
			sourceTree = "<group>";
		};
		0630B1A917F2EF9100EA7018 /* InfoPlist.strings */ = {
			isa = PBXVariantGroup;
			children = (
				0630B1AA17F2EF9100EA7018 /* en */,
			);
			name = InfoPlist.strings;
			sourceTree = "<group>";
		};
/* End PBXVariantGroup section */

/* Begin XCBuildConfiguration section */
		0630B1AE17F2EF9100EA7018 /* Debug */ = {
			isa = XCBuildConfiguration;
			buildSettings = {
				ALWAYS_SEARCH_USER_PATHS = NO;
				CLANG_CXX_LANGUAGE_STANDARD = "gnu++0x";
				CLANG_CXX_LIBRARY = "libc++";
				CLANG_ENABLE_OBJC_ARC = NO;
				CLANG_WARN_BOOL_CONVERSION = YES;
				CLANG_WARN_CONSTANT_CONVERSION = YES;
				CLANG_WARN_DIRECT_OBJC_ISA_USAGE = YES_ERROR;
				CLANG_WARN_EMPTY_BODY = YES;
				CLANG_WARN_ENUM_CONVERSION = YES;
				CLANG_WARN_INT_CONVERSION = YES;
				CLANG_WARN_OBJC_ROOT_CLASS = YES_ERROR;
				CLANG_WARN__DUPLICATE_METHOD_MATCH = YES;
				COPY_PHASE_STRIP = NO;
				GCC_C_LANGUAGE_STANDARD = gnu99;
				GCC_DYNAMIC_NO_PIC = NO;
				GCC_ENABLE_OBJC_EXCEPTIONS = YES;
				GCC_OPTIMIZATION_LEVEL = 0;
				GCC_PREPROCESSOR_DEFINITIONS = (
					"DEBUG=1",
					"$(inherited)",
				);
				GCC_SYMBOLS_PRIVATE_EXTERN = NO;
				GCC_WARN_64_TO_32_BIT_CONVERSION = YES;
				GCC_WARN_ABOUT_RETURN_TYPE = YES_ERROR;
				GCC_WARN_UNDECLARED_SELECTOR = YES;
				GCC_WARN_UNINITIALIZED_AUTOS = YES;
				GCC_WARN_UNUSED_FUNCTION = YES;
				GCC_WARN_UNUSED_VARIABLE = YES;
				MACOSX_DEPLOYMENT_TARGET = "";
				ONLY_ACTIVE_ARCH = NO;
				SDKROOT = macosx;
			};
			name = Debug;
		};
		0630B1AF17F2EF9100EA7018 /* Release */ = {
			isa = XCBuildConfiguration;
			buildSettings = {
				ALWAYS_SEARCH_USER_PATHS = NO;
				CLANG_CXX_LANGUAGE_STANDARD = "gnu++0x";
				CLANG_CXX_LIBRARY = "libc++";
				CLANG_ENABLE_OBJC_ARC = NO;
				CLANG_WARN_BOOL_CONVERSION = YES;
				CLANG_WARN_CONSTANT_CONVERSION = YES;
				CLANG_WARN_DIRECT_OBJC_ISA_USAGE = YES_ERROR;
				CLANG_WARN_EMPTY_BODY = YES;
				CLANG_WARN_ENUM_CONVERSION = YES;
				CLANG_WARN_INT_CONVERSION = YES;
				CLANG_WARN_OBJC_ROOT_CLASS = YES_ERROR;
				CLANG_WARN__DUPLICATE_METHOD_MATCH = YES;
				COPY_PHASE_STRIP = YES;
				DEBUG_INFORMATION_FORMAT = "dwarf-with-dsym";
				ENABLE_NS_ASSERTIONS = NO;
				GCC_C_LANGUAGE_STANDARD = gnu99;
				GCC_ENABLE_OBJC_EXCEPTIONS = YES;
				GCC_WARN_64_TO_32_BIT_CONVERSION = YES;
				GCC_WARN_ABOUT_RETURN_TYPE = YES_ERROR;
				GCC_WARN_UNDECLARED_SELECTOR = YES;
				GCC_WARN_UNINITIALIZED_AUTOS = YES;
				GCC_WARN_UNUSED_FUNCTION = YES;
				GCC_WARN_UNUSED_VARIABLE = YES;
				MACOSX_DEPLOYMENT_TARGET = "";
				ONLY_ACTIVE_ARCH = NO;
				SDKROOT = macosx;
			};
			name = Release;
		};
		0630B1B117F2EF9100EA7018 /* Debug */ = {
			isa = XCBuildConfiguration;
			buildSettings = {
				COMBINE_HIDPI_IMAGES = YES;
				DYLIB_COMPATIBILITY_VERSION = 1;
				DYLIB_CURRENT_VERSION = 1;
				FRAMEWORK_VERSION = A;
				GCC_PRECOMPILE_PREFIX_HEADER = YES;
				GCC_PREFIX_HEADER = "handlebars-objc/handlebars-objc-Prefix.pch";
				INFOPLIST_FILE = "handlebars-objc/handlebars-objc-Info.plist";
				PRODUCT_NAME = HBHandlebars;
				WRAPPER_EXTENSION = framework;
			};
			name = Debug;
		};
		0630B1B217F2EF9100EA7018 /* Release */ = {
			isa = XCBuildConfiguration;
			buildSettings = {
				COMBINE_HIDPI_IMAGES = YES;
				DYLIB_COMPATIBILITY_VERSION = 1;
				DYLIB_CURRENT_VERSION = 1;
				FRAMEWORK_VERSION = A;
				GCC_PRECOMPILE_PREFIX_HEADER = YES;
				GCC_PREFIX_HEADER = "handlebars-objc/handlebars-objc-Prefix.pch";
				INFOPLIST_FILE = "handlebars-objc/handlebars-objc-Info.plist";
				PRODUCT_NAME = HBHandlebars;
				WRAPPER_EXTENSION = framework;
			};
			name = Release;
		};
		0630B1B417F2EF9100EA7018 /* Debug */ = {
			isa = XCBuildConfiguration;
			buildSettings = {
				BUNDLE_LOADER = "$(BUILT_PRODUCTS_DIR)/HBHandlebars.framework/Versions/A/HBHandlebars";
				COMBINE_HIDPI_IMAGES = YES;
				FRAMEWORK_SEARCH_PATHS = (
					"$(DEVELOPER_FRAMEWORKS_DIR)",
					"$(inherited)",
				);
				GCC_PRECOMPILE_PREFIX_HEADER = YES;
				GCC_PREFIX_HEADER = "handlebars-objc/handlebars-objc-Prefix.pch";
				GCC_PREPROCESSOR_DEFINITIONS = (
					"DEBUG=1",
					"$(inherited)",
				);
				INFOPLIST_FILE = "handlebars-objcTests/handlebars-objcTests-Info.plist";
				PRODUCT_NAME = "$(TARGET_NAME)";
				TEST_HOST = "$(BUNDLE_LOADER)";
				WRAPPER_EXTENSION = xctest;
			};
			name = Debug;
		};
		0630B1B517F2EF9100EA7018 /* Release */ = {
			isa = XCBuildConfiguration;
			buildSettings = {
				BUNDLE_LOADER = "$(BUILT_PRODUCTS_DIR)/HBHandlebars.framework/Versions/A/HBHandlebars";
				COMBINE_HIDPI_IMAGES = YES;
				FRAMEWORK_SEARCH_PATHS = (
					"$(DEVELOPER_FRAMEWORKS_DIR)",
					"$(inherited)",
				);
				GCC_PRECOMPILE_PREFIX_HEADER = YES;
				GCC_PREFIX_HEADER = "handlebars-objc/handlebars-objc-Prefix.pch";
				INFOPLIST_FILE = "handlebars-objcTests/handlebars-objcTests-Info.plist";
				PRODUCT_NAME = "$(TARGET_NAME)";
				TEST_HOST = "$(BUNDLE_LOADER)";
				WRAPPER_EXTENSION = xctest;
			};
			name = Release;
		};
		06F4935D1802D0800055B5BC /* Debug */ = {
			isa = XCBuildConfiguration;
			buildSettings = {
				ARCHS = "$(ARCHS_STANDARD_INCLUDING_64_BIT)";
				CLANG_ENABLE_MODULES = YES;
				CLANG_ENABLE_OBJC_ARC = NO;
				DSTROOT = /tmp/handlebars_objc_ios.dst;
				GCC_PRECOMPILE_PREFIX_HEADER = YES;
				GCC_PREFIX_HEADER = "handlebars-objc/handlebars-objc-ios-Prefix.pch";
				GCC_PREPROCESSOR_DEFINITIONS = (
					"DEBUG=1",
					"$(inherited)",
				);
				IPHONEOS_DEPLOYMENT_TARGET = 7.0;
				ONLY_ACTIVE_ARCH = NO;
				OTHER_LDFLAGS = "-ObjC";
				PRODUCT_NAME = "$(TARGET_NAME)";
				SDKROOT = iphoneos;
				SKIP_INSTALL = YES;
			};
			name = Debug;
		};
		06F4935E1802D0800055B5BC /* Release */ = {
			isa = XCBuildConfiguration;
			buildSettings = {
				ARCHS = "$(ARCHS_STANDARD_INCLUDING_64_BIT)";
				CLANG_ENABLE_MODULES = YES;
				CLANG_ENABLE_OBJC_ARC = NO;
				DSTROOT = /tmp/handlebars_objc_ios.dst;
				GCC_PRECOMPILE_PREFIX_HEADER = YES;
				GCC_PREFIX_HEADER = "handlebars-objc/handlebars-objc-ios-Prefix.pch";
				IPHONEOS_DEPLOYMENT_TARGET = 7.0;
				ONLY_ACTIVE_ARCH = NO;
				OTHER_LDFLAGS = "-ObjC";
				PRODUCT_NAME = "$(TARGET_NAME)";
				SDKROOT = iphoneos;
				SKIP_INSTALL = YES;
				VALIDATE_PRODUCT = YES;
			};
			name = Release;
		};
		06F493601802D0800055B5BC /* Debug */ = {
			isa = XCBuildConfiguration;
			buildSettings = {
				ARCHS = "$(ARCHS_STANDARD_INCLUDING_64_BIT)";
				CLANG_ENABLE_MODULES = YES;
				CLANG_ENABLE_OBJC_ARC = NO;
				FRAMEWORK_SEARCH_PATHS = (
					"$(SDKROOT)/Developer/Library/Frameworks",
					"$(inherited)",
					"$(DEVELOPER_FRAMEWORKS_DIR)",
				);
				GCC_PRECOMPILE_PREFIX_HEADER = YES;
				GCC_PREFIX_HEADER = "handlebars-objc/handlebars-objc-ios-Prefix.pch";
				GCC_PREPROCESSOR_DEFINITIONS = (
					"DEBUG=1",
					"$(inherited)",
				);
				INFOPLIST_FILE = "handlebars-objcTests/handlebars-objc-iosTests-Info.plist";
				IPHONEOS_DEPLOYMENT_TARGET = 6.0;
				PRODUCT_NAME = "$(TARGET_NAME)";
				SDKROOT = iphoneos;
				WRAPPER_EXTENSION = xctest;
			};
			name = Debug;
		};
		06F493611802D0800055B5BC /* Release */ = {
			isa = XCBuildConfiguration;
			buildSettings = {
				ARCHS = "$(ARCHS_STANDARD_INCLUDING_64_BIT)";
				CLANG_ENABLE_MODULES = YES;
				CLANG_ENABLE_OBJC_ARC = NO;
				FRAMEWORK_SEARCH_PATHS = (
					"$(SDKROOT)/Developer/Library/Frameworks",
					"$(inherited)",
					"$(DEVELOPER_FRAMEWORKS_DIR)",
				);
				GCC_PRECOMPILE_PREFIX_HEADER = YES;
				GCC_PREFIX_HEADER = "handlebars-objc/handlebars-objc-ios-Prefix.pch";
				INFOPLIST_FILE = "handlebars-objcTests/handlebars-objc-iosTests-Info.plist";
				IPHONEOS_DEPLOYMENT_TARGET = 6.0;
				PRODUCT_NAME = "$(TARGET_NAME)";
				SDKROOT = iphoneos;
				VALIDATE_PRODUCT = YES;
				WRAPPER_EXTENSION = xctest;
			};
			name = Release;
		};
/* End XCBuildConfiguration section */

/* Begin XCConfigurationList section */
		0630B18217F2EF9100EA7018 /* Build configuration list for PBXProject "handlebars-objc" */ = {
			isa = XCConfigurationList;
			buildConfigurations = (
				0630B1AE17F2EF9100EA7018 /* Debug */,
				0630B1AF17F2EF9100EA7018 /* Release */,
			);
			defaultConfigurationIsVisible = 0;
			defaultConfigurationName = Release;
		};
		0630B1B017F2EF9100EA7018 /* Build configuration list for PBXNativeTarget "handlebars-objc-osx" */ = {
			isa = XCConfigurationList;
			buildConfigurations = (
				0630B1B117F2EF9100EA7018 /* Debug */,
				0630B1B217F2EF9100EA7018 /* Release */,
			);
			defaultConfigurationIsVisible = 0;
			defaultConfigurationName = Release;
		};
		0630B1B317F2EF9100EA7018 /* Build configuration list for PBXNativeTarget "handlebars-objc-osx-tests" */ = {
			isa = XCConfigurationList;
			buildConfigurations = (
				0630B1B417F2EF9100EA7018 /* Debug */,
				0630B1B517F2EF9100EA7018 /* Release */,
			);
			defaultConfigurationIsVisible = 0;
			defaultConfigurationName = Release;
		};
		06F4935C1802D0800055B5BC /* Build configuration list for PBXNativeTarget "handlebars-objc-ios" */ = {
			isa = XCConfigurationList;
			buildConfigurations = (
				06F4935D1802D0800055B5BC /* Debug */,
				06F4935E1802D0800055B5BC /* Release */,
			);
			defaultConfigurationIsVisible = 0;
			defaultConfigurationName = Release;
		};
		06F4935F1802D0800055B5BC /* Build configuration list for PBXNativeTarget "handlebars-objc-iosTests" */ = {
			isa = XCConfigurationList;
			buildConfigurations = (
				06F493601802D0800055B5BC /* Debug */,
				06F493611802D0800055B5BC /* Release */,
			);
			defaultConfigurationIsVisible = 0;
			defaultConfigurationName = Release;
		};
/* End XCConfigurationList section */
	};
	rootObject = 0630B17F17F2EF9100EA7018 /* Project object */;
}
